// !$*UTF8*$!
{
	archiveVersion = 1;
	classes = {
	};
	objectVersion = 46;
	objects = {

/* Begin PBXBuildFile section */
		F49890B11DA4A2010064F982 /* AppDelegate.swift in Sources */ = {isa = PBXBuildFile; fileRef = F49890B01DA4A2010064F982 /* AppDelegate.swift */; };
		F49890B61DA4A2010064F982 /* Main.storyboard in Resources */ = {isa = PBXBuildFile; fileRef = F49890B41DA4A2010064F982 /* Main.storyboard */; };
		F49890B81DA4A2010064F982 /* Assets.xcassets in Resources */ = {isa = PBXBuildFile; fileRef = F49890B71DA4A2010064F982 /* Assets.xcassets */; };
		F49890BB1DA4A2010064F982 /* LaunchScreen.storyboard in Resources */ = {isa = PBXBuildFile; fileRef = F49890B91DA4A2010064F982 /* LaunchScreen.storyboard */; };
		F49890C31DA4AB030064F982 /* SocialTableViewController.swift in Sources */ = {isa = PBXBuildFile; fileRef = F49890C21DA4AB030064F982 /* SocialTableViewController.swift */; };
		F49890C51DA4ADC70064F982 /* SocialTableViewCell.swift in Sources */ = {isa = PBXBuildFile; fileRef = F49890C41DA4ADC70064F982 /* SocialTableViewCell.swift */; };
/* End PBXBuildFile section */

/* Begin PBXFileReference section */
		F49890AD1DA4A2010064F982 /* SocialSharingDemo.app */ = {isa = PBXFileReference; explicitFileType = wrapper.application; includeInIndex = 0; path = SocialSharingDemo.app; sourceTree = BUILT_PRODUCTS_DIR; };
		F49890B01DA4A2010064F982 /* AppDelegate.swift */ = {isa = PBXFileReference; lastKnownFileType = sourcecode.swift; path = AppDelegate.swift; sourceTree = "<group>"; };
		F49890B51DA4A2010064F982 /* Base */ = {isa = PBXFileReference; lastKnownFileType = file.storyboard; name = Base; path = Base.lproj/Main.storyboard; sourceTree = "<group>"; };
		F49890B71DA4A2010064F982 /* Assets.xcassets */ = {isa = PBXFileReference; lastKnownFileType = folder.assetcatalog; path = Assets.xcassets; sourceTree = "<group>"; };
		F49890BA1DA4A2010064F982 /* Base */ = {isa = PBXFileReference; lastKnownFileType = file.storyboard; name = Base; path = Base.lproj/LaunchScreen.storyboard; sourceTree = "<group>"; };
		F49890BC1DA4A2010064F982 /* Info.plist */ = {isa = PBXFileReference; lastKnownFileType = text.plist.xml; path = Info.plist; sourceTree = "<group>"; };
		F49890C21DA4AB030064F982 /* SocialTableViewController.swift */ = {isa = PBXFileReference; fileEncoding = 4; lastKnownFileType = sourcecode.swift; path = SocialTableViewController.swift; sourceTree = "<group>"; };
		F49890C41DA4ADC70064F982 /* SocialTableViewCell.swift */ = {isa = PBXFileReference; fileEncoding = 4; lastKnownFileType = sourcecode.swift; path = SocialTableViewCell.swift; sourceTree = "<group>"; };
/* End PBXFileReference section */

/* Begin PBXFrameworksBuildPhase section */
		F49890AA1DA4A2010064F982 /* Frameworks */ = {
			isa = PBXFrameworksBuildPhase;
			buildActionMask = 2147483647;
			files = (
			);
			runOnlyForDeploymentPostprocessing = 0;
		};
/* End PBXFrameworksBuildPhase section */

/* Begin PBXGroup section */
		F49890A41DA4A2000064F982 = {
			isa = PBXGroup;
			children = (
				F49890AF1DA4A2010064F982 /* SocialSharingDemo */,
				F49890AE1DA4A2010064F982 /* Products */,
			);
			sourceTree = "<group>";
		};
		F49890AE1DA4A2010064F982 /* Products */ = {
			isa = PBXGroup;
			children = (
				F49890AD1DA4A2010064F982 /* SocialSharingDemo.app */,
			);
			name = Products;
			sourceTree = "<group>";
		};
		F49890AF1DA4A2010064F982 /* SocialSharingDemo */ = {
			isa = PBXGroup;
			children = (
				F49890B01DA4A2010064F982 /* AppDelegate.swift */,
				F49890B41DA4A2010064F982 /* Main.storyboard */,
				F49890B71DA4A2010064F982 /* Assets.xcassets */,
				F49890B91DA4A2010064F982 /* LaunchScreen.storyboard */,
				F49890BC1DA4A2010064F982 /* Info.plist */,
				F49890C21DA4AB030064F982 /* SocialTableViewController.swift */,
				F49890C41DA4ADC70064F982 /* SocialTableViewCell.swift */,
			);
			path = SocialSharingDemo;
			sourceTree = "<group>";
		};
/* End PBXGroup section */

/* Begin PBXNativeTarget section */
		F49890AC1DA4A2010064F982 /* SocialSharingDemo */ = {
			isa = PBXNativeTarget;
			buildConfigurationList = F49890BF1DA4A2010064F982 /* Build configuration list for PBXNativeTarget "SocialSharingDemo" */;
			buildPhases = (
				F49890A91DA4A2010064F982 /* Sources */,
				F49890AA1DA4A2010064F982 /* Frameworks */,
				F49890AB1DA4A2010064F982 /* Resources */,
			);
			buildRules = (
			);
			dependencies = (
			);
			name = SocialSharingDemo;
			productName = SocialSharingDemo;
			productReference = F49890AD1DA4A2010064F982 /* SocialSharingDemo.app */;
			productType = "com.apple.product-type.application";
		};
/* End PBXNativeTarget section */

/* Begin PBXProject section */
		F49890A51DA4A2000064F982 /* Project object */ = {
			isa = PBXProject;
			attributes = {
				LastSwiftUpdateCheck = 0800;
				LastUpgradeCheck = 0800;
				ORGANIZATIONNAME = andyron;
				TargetAttributes = {
					F49890AC1DA4A2010064F982 = {
						CreatedOnToolsVersion = 8.0;
						DevelopmentTeam = ZHNA975N38;
						ProvisioningStyle = Automatic;
					};
				};
			};
			buildConfigurationList = F49890A81DA4A2000064F982 /* Build configuration list for PBXProject "SocialSharingDemo" */;
			compatibilityVersion = "Xcode 3.2";
			developmentRegion = English;
			hasScannedForEncodings = 0;
			knownRegions = (
				en,
				Base,
			);
			mainGroup = F49890A41DA4A2000064F982;
			productRefGroup = F49890AE1DA4A2010064F982 /* Products */;
			projectDirPath = "";
			projectRoot = "";
			targets = (
				F49890AC1DA4A2010064F982 /* SocialSharingDemo */,
			);
		};
/* End PBXProject section */

/* Begin PBXResourcesBuildPhase section */
		F49890AB1DA4A2010064F982 /* Resources */ = {
			isa = PBXResourcesBuildPhase;
			buildActionMask = 2147483647;
			files = (
				F49890BB1DA4A2010064F982 /* LaunchScreen.storyboard in Resources */,
				F49890B81DA4A2010064F982 /* Assets.xcassets in Resources */,
				F49890B61DA4A2010064F982 /* Main.storyboard in Resources */,
			);
			runOnlyForDeploymentPostprocessing = 0;
		};
/* End PBXResourcesBuildPhase section */

/* Begin PBXSourcesBuildPhase section */
		F49890A91DA4A2010064F982 /* Sources */ = {
			isa = PBXSourcesBuildPhase;
			buildActionMask = 2147483647;
			files = (
				F49890C31DA4AB030064F982 /* SocialTableViewController.swift in Sources */,
				F49890C51DA4ADC70064F982 /* SocialTableViewCell.swift in Sources */,
				F49890B11DA4A2010064F982 /* AppDelegate.swift in Sources */,
			);
			runOnlyForDeploymentPostprocessing = 0;
		};
/* End PBXSourcesBuildPhase section */

/* Begin PBXVariantGroup section */
		F49890B41DA4A2010064F982 /* Main.storyboard */ = {
			isa = PBXVariantGroup;
			children = (
				F49890B51DA4A2010064F982 /* Base */,
			);
			name = Main.storyboard;
			sourceTree = "<group>";
		};
		F49890B91DA4A2010064F982 /* LaunchScreen.storyboard */ = {
			isa = PBXVariantGroup;
			children = (
				F49890BA1DA4A2010064F982 /* Base */,
			);
			name = LaunchScreen.storyboard;
			sourceTree = "<group>";
		};
/* End PBXVariantGroup section */

/* Begin XCBuildConfiguration section */
		F49890BD1DA4A2010064F982 /* Debug */ = {
			isa = XCBuildConfiguration;
			buildSettings = {
				ALWAYS_SEARCH_USER_PATHS = NO;
				CLANG_ANALYZER_NONNULL = YES;
				CLANG_CXX_LANGUAGE_STANDARD = "gnu++0x";
				CLANG_CXX_LIBRARY = "libc++";
				CLANG_ENABLE_MODULES = YES;
				CLANG_ENABLE_OBJC_ARC = YES;
				CLANG_WARN_BOOL_CONVERSION = YES;
				CLANG_WARN_CONSTANT_CONVERSION = YES;
				CLANG_WARN_DIRECT_OBJC_ISA_USAGE = YES_ERROR;
				CLANG_WARN_DOCUMENTATION_COMMENTS = YES;
				CLANG_WARN_EMPTY_BODY = YES;
				CLANG_WARN_ENUM_CONVERSION = YES;
				CLANG_WARN_INFINITE_RECURSION = YES;
				CLANG_WARN_INT_CONVERSION = YES;
				CLANG_WARN_OBJC_ROOT_CLASS = YES_ERROR;
				CLANG_WARN_SUSPICIOUS_MOVES = YES;
				CLANG_WARN_UNREACHABLE_CODE = YES;
				CLANG_WARN__DUPLICATE_METHOD_MATCH = YES;
				"CODE_SIGN_IDENTITY[sdk=iphoneos*]" = "iPhone Developer";
				COPY_PHASE_STRIP = NO;
				DEBUG_INFORMATION_FORMAT = dwarf;
				ENABLE_STRICT_OBJC_MSGSEND = YES;
				ENABLE_TESTABILITY = YES;
				GCC_C_LANGUAGE_STANDARD = gnu99;
				GCC_DYNAMIC_NO_PIC = NO;
				GCC_NO_COMMON_BLOCKS = YES;
				GCC_OPTIMIZATION_LEVEL = 0;
				GCC_PREPROCESSOR_DEFINITIONS = (
					"DEBUG=1",
					"$(inherited)",
				);
				GCC_WARN_64_TO_32_BIT_CONVERSION = YES;
				GCC_WARN_ABOUT_RETURN_TYPE = YES_ERROR;
				GCC_WARN_UNDECLARED_SELECTOR = YES;
				GCC_WARN_UNINITIALIZED_AUTOS = YES_AGGRESSIVE;
				GCC_WARN_UNUSED_FUNCTION = YES;
				GCC_WARN_UNUSED_VARIABLE = YES;
				IPHONEOS_DEPLOYMENT_TARGET = 10.0;
				MTL_ENABLE_DEBUG_INFO = YES;
				ONLY_ACTIVE_ARCH = YES;
				SDKROOT = iphoneos;
				SWIFT_ACTIVE_COMPILATION_CONDITIONS = DEBUG;
				SWIFT_OPTIMIZATION_LEVEL = "-Onone";
				TARGETED_DEVICE_FAMILY = "1,2";
			};
			name = Debug;
		};
		F49890BE1DA4A2010064F982 /* Release */ = {
			isa = XCBuildConfiguration;
			buildSettings = {
				ALWAYS_SEARCH_USER_PATHS = NO;
				CLANG_ANALYZER_NONNULL = YES;
				CLANG_CXX_LANGUAGE_STANDARD = "gnu++0x";
				CLANG_CXX_LIBRARY = "libc++";
				CLANG_ENABLE_MODULES = YES;
				CLANG_ENABLE_OBJC_ARC = YES;
				CLANG_WARN_BOOL_CONVERSION = YES;
				CLANG_WARN_CONSTANT_CONVERSION = YES;
				CLANG_WARN_DIRECT_OBJC_ISA_USAGE = YES_ERROR;
				CLANG_WARN_DOCUMENTATION_COMMENTS = YES;
				CLANG_WARN_EMPTY_BODY = YES;
				CLANG_WARN_ENUM_CONVERSION = YES;
				CLANG_WARN_INFINITE_RECURSION = YES;
				CLANG_WARN_INT_CONVERSION = YES;
				CLANG_WARN_OBJC_ROOT_CLASS = YES_ERROR;
				CLANG_WARN_SUSPICIOUS_MOVES = YES;
				CLANG_WARN_UNREACHABLE_CODE = YES;
				CLANG_WARN__DUPLICATE_METHOD_MATCH = YES;
				"CODE_SIGN_IDENTITY[sdk=iphoneos*]" = "iPhone Developer";
				COPY_PHASE_STRIP = NO;
				DEBUG_INFORMATION_FORMAT = "dwarf-with-dsym";
				ENABLE_NS_ASSERTIONS = NO;
				ENABLE_STRICT_OBJC_MSGSEND = YES;
				GCC_C_LANGUAGE_STANDARD = gnu99;
				GCC_NO_COMMON_BLOCKS = YES;
				GCC_WARN_64_TO_32_BIT_CONVERSION = YES;
				GCC_WARN_ABOUT_RETURN_TYPE = YES_ERROR;
				GCC_WARN_UNDECLARED_SELECTOR = YES;
				GCC_WARN_UNINITIALIZED_AUTOS = YES_AGGRESSIVE;
				GCC_WARN_UNUSED_FUNCTION = YES;
				GCC_WARN_UNUSED_VARIABLE = YES;
				IPHONEOS_DEPLOYMENT_TARGET = 10.0;
				MTL_ENABLE_DEBUG_INFO = NO;
				SDKROOT = iphoneos;
				SWIFT_OPTIMIZATION_LEVEL = "-Owholemodule";
				TARGETED_DEVICE_FAMILY = "1,2";
				VALIDATE_PRODUCT = YES;
			};
			name = Release;
		};
		F49890C01DA4A2010064F982 /* Debug */ = {
			isa = XCBuildConfiguration;
			buildSettings = {
				ASSETCATALOG_COMPILER_APPICON_NAME = AppIcon;
				DEVELOPMENT_TEAM = ZHNA975N38;
				INFOPLIST_FILE = SocialSharingDemo/Info.plist;
				LD_RUNPATH_SEARCH_PATHS = "$(inherited) @executable_path/Frameworks";
				PRODUCT_BUNDLE_IDENTIFIER = com.andyron.SocialSharingDemo;
				PRODUCT_NAME = "$(TARGET_NAME)";
				SWIFT_VERSION = 3.0;
			};
			name = Debug;
		};
		F49890C11DA4A2010064F982 /* Release */ = {
			isa = XCBuildConfiguration;
			buildSettings = {
				ASSETCATALOG_COMPILER_APPICON_NAME = AppIcon;
				DEVELOPMENT_TEAM = ZHNA975N38;
				INFOPLIST_FILE = SocialSharingDemo/Info.plist;
				LD_RUNPATH_SEARCH_PATHS = "$(inherited) @executable_path/Frameworks";
				PRODUCT_BUNDLE_IDENTIFIER = com.andyron.SocialSharingDemo;
				PRODUCT_NAME = "$(TARGET_NAME)";
				SWIFT_VERSION = 3.0;
			};
			name = Release;
		};
/* End XCBuildConfiguration section */

/* Begin XCConfigurationList section */
		F49890A81DA4A2000064F982 /* Build configuration list for PBXProject "SocialSharingDemo" */ = {
			isa = XCConfigurationList;
			buildConfigurations = (
				F49890BD1DA4A2010064F982 /* Debug */,
				F49890BE1DA4A2010064F982 /* Release */,
			);
			defaultConfigurationIsVisible = 0;
			defaultConfigurationName = Release;
		};
		F49890BF1DA4A2010064F982 /* Build configuration list for PBXNativeTarget "SocialSharingDemo" */ = {
			isa = XCConfigurationList;
			buildConfigurations = (
				F49890C01DA4A2010064F982 /* Debug */,
				F49890C11DA4A2010064F982 /* Release */,
			);
			defaultConfigurationIsVisible = 0;
			defaultConfigurationName = Release;
		};
/* End XCConfigurationList section */
	};
	rootObject = F49890A51DA4A2000064F982 /* Project object */;
}
