// !$*UTF8*$!
{
	archiveVersion = 1;
	classes = {
	};
	objectVersion = 46;
	objects = {

/* Begin PBXBuildFile section */
		EF5F5F901E07C36E0006E4F7 /* AppDelegate.swift in Sources */ = {isa = PBXBuildFile; fileRef = EF5F5F8F1E07C36E0006E4F7 /* AppDelegate.swift */; };
		EF5F5F921E07C36E0006E4F7 /* ViewController.swift in Sources */ = {isa = PBXBuildFile; fileRef = EF5F5F911E07C36E0006E4F7 /* ViewController.swift */; };
		EF5F5F951E07C36E0006E4F7 /* Main.storyboard in Resources */ = {isa = PBXBuildFile; fileRef = EF5F5F931E07C36E0006E4F7 /* Main.storyboard */; };
		EF5F5F971E07C36E0006E4F7 /* Assets.xcassets in Resources */ = {isa = PBXBuildFile; fileRef = EF5F5F961E07C36E0006E4F7 /* Assets.xcassets */; };
		EF5F5F9A1E07C36E0006E4F7 /* LaunchScreen.storyboard in Resources */ = {isa = PBXBuildFile; fileRef = EF5F5F981E07C36E0006E4F7 /* LaunchScreen.storyboard */; };
		EF5F5FC21E07C69A0006E4F7 /* Gaspar Regular.otf in Resources */ = {isa = PBXBuildFile; fileRef = EF5F5FBE1E07C69A0006E4F7 /* Gaspar Regular.otf */; };
		EF5F5FC31E07C69A0006E4F7 /* MFJinHei_Noncommercial-Regular.ttf in Resources */ = {isa = PBXBuildFile; fileRef = EF5F5FBF1E07C69A0006E4F7 /* MFJinHei_Noncommercial-Regular.ttf */; };
		EF5F5FC41E07C69A0006E4F7 /* MFTongXin_Noncommercial-Regular.ttf in Resources */ = {isa = PBXBuildFile; fileRef = EF5F5FC01E07C69A0006E4F7 /* MFTongXin_Noncommercial-Regular.ttf */; };
		EF5F5FC51E07C69A0006E4F7 /* MFZhiHei_Noncommercial-Regular.ttf in Resources */ = {isa = PBXBuildFile; fileRef = EF5F5FC11E07C69A0006E4F7 /* MFZhiHei_Noncommercial-Regular.ttf */; };
/* End PBXBuildFile section */

/* Begin PBXFileReference section */
		EF5F5F8C1E07C36E0006E4F7 /* CunstomFont.app */ = {isa = PBXFileReference; explicitFileType = wrapper.application; includeInIndex = 0; path = CunstomFont.app; sourceTree = BUILT_PRODUCTS_DIR; };
		EF5F5F8F1E07C36E0006E4F7 /* AppDelegate.swift */ = {isa = PBXFileReference; lastKnownFileType = sourcecode.swift; path = AppDelegate.swift; sourceTree = "<group>"; };
		EF5F5F911E07C36E0006E4F7 /* ViewController.swift */ = {isa = PBXFileReference; lastKnownFileType = sourcecode.swift; path = ViewController.swift; sourceTree = "<group>"; };
		EF5F5F941E07C36E0006E4F7 /* Base */ = {isa = PBXFileReference; lastKnownFileType = file.storyboard; name = Base; path = Base.lproj/Main.storyboard; sourceTree = "<group>"; };
		EF5F5F961E07C36E0006E4F7 /* Assets.xcassets */ = {isa = PBXFileReference; lastKnownFileType = folder.assetcatalog; path = Assets.xcassets; sourceTree = "<group>"; };
		EF5F5F991E07C36E0006E4F7 /* Base */ = {isa = PBXFileReference; lastKnownFileType = file.storyboard; name = Base; path = Base.lproj/LaunchScreen.storyboard; sourceTree = "<group>"; };
		EF5F5F9B1E07C36E0006E4F7 /* Info.plist */ = {isa = PBXFileReference; lastKnownFileType = text.plist.xml; path = Info.plist; sourceTree = "<group>"; };
		EF5F5FBE1E07C69A0006E4F7 /* Gaspar Regular.otf */ = {isa = PBXFileReference; lastKnownFileType = file; path = "Gaspar Regular.otf"; sourceTree = "<group>"; };
		EF5F5FBF1E07C69A0006E4F7 /* MFJinHei_Noncommercial-Regular.ttf */ = {isa = PBXFileReference; lastKnownFileType = file; path = "MFJinHei_Noncommercial-Regular.ttf"; sourceTree = "<group>"; };
		EF5F5FC01E07C69A0006E4F7 /* MFTongXin_Noncommercial-Regular.ttf */ = {isa = PBXFileReference; lastKnownFileType = file; path = "MFTongXin_Noncommercial-Regular.ttf"; sourceTree = "<group>"; };
		EF5F5FC11E07C69A0006E4F7 /* MFZhiHei_Noncommercial-Regular.ttf */ = {isa = PBXFileReference; lastKnownFileType = file; path = "MFZhiHei_Noncommercial-Regular.ttf"; sourceTree = "<group>"; };
/* End PBXFileReference section */

/* Begin PBXFrameworksBuildPhase section */
		EF5F5F891E07C36E0006E4F7 /* Frameworks */ = {
			isa = PBXFrameworksBuildPhase;
			buildActionMask = 2147483647;
			files = (
			);
			runOnlyForDeploymentPostprocessing = 0;
		};
/* End PBXFrameworksBuildPhase section */

/* Begin PBXGroup section */
		EF5F5F831E07C36E0006E4F7 = {
			isa = PBXGroup;
			children = (
				EF5F5F8E1E07C36E0006E4F7 /* CunstomFont */,
				EF5F5F8D1E07C36E0006E4F7 /* Products */,
			);
			sourceTree = "<group>";
		};
		EF5F5F8D1E07C36E0006E4F7 /* Products */ = {
			isa = PBXGroup;
			children = (
				EF5F5F8C1E07C36E0006E4F7 /* CunstomFont.app */,
			);
			name = Products;
			sourceTree = "<group>";
		};
		EF5F5F8E1E07C36E0006E4F7 /* CunstomFont */ = {
			isa = PBXGroup;
			children = (
				EF5F5F8F1E07C36E0006E4F7 /* AppDelegate.swift */,
				EF5F5F911E07C36E0006E4F7 /* ViewController.swift */,
				EF5F5F931E07C36E0006E4F7 /* Main.storyboard */,
				EF5F5F961E07C36E0006E4F7 /* Assets.xcassets */,
				EF5F5F981E07C36E0006E4F7 /* LaunchScreen.storyboard */,
				EF5F5F9B1E07C36E0006E4F7 /* Info.plist */,
				EF5F5FBD1E07C6740006E4F7 /* Fonts */,
			);
			path = CunstomFont;
			sourceTree = "<group>";
		};
		EF5F5FBD1E07C6740006E4F7 /* Fonts */ = {
			isa = PBXGroup;
			children = (
				EF5F5FBE1E07C69A0006E4F7 /* Gaspar Regular.otf */,
				EF5F5FBF1E07C69A0006E4F7 /* MFJinHei_Noncommercial-Regular.ttf */,
				EF5F5FC01E07C69A0006E4F7 /* MFTongXin_Noncommercial-Regular.ttf */,
				EF5F5FC11E07C69A0006E4F7 /* MFZhiHei_Noncommercial-Regular.ttf */,
			);
			name = Fonts;
			sourceTree = "<group>";
		};
/* End PBXGroup section */

/* Begin PBXNativeTarget section */
		EF5F5F8B1E07C36E0006E4F7 /* CunstomFont */ = {
			isa = PBXNativeTarget;
			buildConfigurationList = EF5F5FB41E07C36E0006E4F7 /* Build configuration list for PBXNativeTarget "CunstomFont" */;
			buildPhases = (
				EF5F5F881E07C36E0006E4F7 /* Sources */,
				EF5F5F891E07C36E0006E4F7 /* Frameworks */,
				EF5F5F8A1E07C36E0006E4F7 /* Resources */,
			);
			buildRules = (
			);
			dependencies = (
			);
			name = CunstomFont;
			productName = CunstomFont;
			productReference = EF5F5F8C1E07C36E0006E4F7 /* CunstomFont.app */;
			productType = "com.apple.product-type.application";
		};
/* End PBXNativeTarget section */

/* Begin PBXProject section */
		EF5F5F841E07C36E0006E4F7 /* Project object */ = {
			isa = PBXProject;
			attributes = {
				LastSwiftUpdateCheck = 0810;
				LastUpgradeCheck = 0940;
				ORGANIZATIONNAME = andyron;
				TargetAttributes = {
					EF5F5F8B1E07C36E0006E4F7 = {
						CreatedOnToolsVersion = 8.1;
						DevelopmentTeam = ZHNA975N38;
						ProvisioningStyle = Automatic;
					};
				};
			};
			buildConfigurationList = EF5F5F871E07C36E0006E4F7 /* Build configuration list for PBXProject "CunstomFont" */;
			compatibilityVersion = "Xcode 3.2";
			developmentRegion = English;
			hasScannedForEncodings = 0;
			knownRegions = (
				en,
				Base,
			);
			mainGroup = EF5F5F831E07C36E0006E4F7;
			productRefGroup = EF5F5F8D1E07C36E0006E4F7 /* Products */;
			projectDirPath = "";
			projectRoot = "";
			targets = (
				EF5F5F8B1E07C36E0006E4F7 /* CunstomFont */,
			);
		};
/* End PBXProject section */

/* Begin PBXResourcesBuildPhase section */
		EF5F5F8A1E07C36E0006E4F7 /* Resources */ = {
			isa = PBXResourcesBuildPhase;
			buildActionMask = 2147483647;
			files = (
				EF5F5F9A1E07C36E0006E4F7 /* LaunchScreen.storyboard in Resources */,
				EF5F5FC21E07C69A0006E4F7 /* Gaspar Regular.otf in Resources */,
				EF5F5FC51E07C69A0006E4F7 /* MFZhiHei_Noncommercial-Regular.ttf in Resources */,
				EF5F5FC31E07C69A0006E4F7 /* MFJinHei_Noncommercial-Regular.ttf in Resources */,
				EF5F5F971E07C36E0006E4F7 /* Assets.xcassets in Resources */,
				EF5F5FC41E07C69A0006E4F7 /* MFTongXin_Noncommercial-Regular.ttf in Resources */,
				EF5F5F951E07C36E0006E4F7 /* Main.storyboard in Resources */,
			);
			runOnlyForDeploymentPostprocessing = 0;
		};
/* End PBXResourcesBuildPhase section */

/* Begin PBXSourcesBuildPhase section */
		EF5F5F881E07C36E0006E4F7 /* Sources */ = {
			isa = PBXSourcesBuildPhase;
			buildActionMask = 2147483647;
			files = (
				EF5F5F921E07C36E0006E4F7 /* ViewController.swift in Sources */,
				EF5F5F901E07C36E0006E4F7 /* AppDelegate.swift in Sources */,
			);
			runOnlyForDeploymentPostprocessing = 0;
		};
/* End PBXSourcesBuildPhase section */

/* Begin PBXVariantGroup section */
		EF5F5F931E07C36E0006E4F7 /* Main.storyboard */ = {
			isa = PBXVariantGroup;
			children = (
				EF5F5F941E07C36E0006E4F7 /* Base */,
			);
			name = Main.storyboard;
			sourceTree = "<group>";
		};
		EF5F5F981E07C36E0006E4F7 /* LaunchScreen.storyboard */ = {
			isa = PBXVariantGroup;
			children = (
				EF5F5F991E07C36E0006E4F7 /* Base */,
			);
			name = LaunchScreen.storyboard;
			sourceTree = "<group>";
		};
/* End PBXVariantGroup section */

/* Begin XCBuildConfiguration section */
		EF5F5FB21E07C36E0006E4F7 /* Debug */ = {
			isa = XCBuildConfiguration;
			buildSettings = {
				ALWAYS_SEARCH_USER_PATHS = NO;
				CLANG_ANALYZER_NONNULL = YES;
				CLANG_CXX_LANGUAGE_STANDARD = "gnu++0x";
				CLANG_CXX_LIBRARY = "libc++";
				CLANG_ENABLE_MODULES = YES;
				CLANG_ENABLE_OBJC_ARC = YES;
				CLANG_WARN_BLOCK_CAPTURE_AUTORELEASING = YES;
				CLANG_WARN_BOOL_CONVERSION = YES;
				CLANG_WARN_COMMA = YES;
				CLANG_WARN_CONSTANT_CONVERSION = YES;
				CLANG_WARN_DEPRECATED_OBJC_IMPLEMENTATIONS = YES;
				CLANG_WARN_DIRECT_OBJC_ISA_USAGE = YES_ERROR;
				CLANG_WARN_DOCUMENTATION_COMMENTS = YES;
				CLANG_WARN_EMPTY_BODY = YES;
				CLANG_WARN_ENUM_CONVERSION = YES;
				CLANG_WARN_INFINITE_RECURSION = YES;
				CLANG_WARN_INT_CONVERSION = YES;
				CLANG_WARN_NON_LITERAL_NULL_CONVERSION = YES;
				CLANG_WARN_OBJC_IMPLICIT_RETAIN_SELF = YES;
				CLANG_WARN_OBJC_LITERAL_CONVERSION = YES;
				CLANG_WARN_OBJC_ROOT_CLASS = YES_ERROR;
				CLANG_WARN_RANGE_LOOP_ANALYSIS = YES;
				CLANG_WARN_STRICT_PROTOTYPES = YES;
				CLANG_WARN_SUSPICIOUS_MOVE = YES;
				CLANG_WARN_SUSPICIOUS_MOVES = YES;
				CLANG_WARN_UNREACHABLE_CODE = YES;
				CLANG_WARN__DUPLICATE_METHOD_MATCH = YES;
				"CODE_SIGN_IDENTITY[sdk=iphoneos*]" = "iPhone Developer";
				COPY_PHASE_STRIP = NO;
				DEBUG_INFORMATION_FORMAT = dwarf;
				ENABLE_STRICT_OBJC_MSGSEND = YES;
				ENABLE_TESTABILITY = YES;
				GCC_C_LANGUAGE_STANDARD = gnu99;
				GCC_DYNAMIC_NO_PIC = NO;
				GCC_NO_COMMON_BLOCKS = YES;
				GCC_OPTIMIZATION_LEVEL = 0;
				GCC_PREPROCESSOR_DEFINITIONS = (
					"DEBUG=1",
					"$(inherited)",
				);
				GCC_WARN_64_TO_32_BIT_CONVERSION = YES;
				GCC_WARN_ABOUT_RETURN_TYPE = YES_ERROR;
				GCC_WARN_UNDECLARED_SELECTOR = YES;
				GCC_WARN_UNINITIALIZED_AUTOS = YES_AGGRESSIVE;
				GCC_WARN_UNUSED_FUNCTION = YES;
				GCC_WARN_UNUSED_VARIABLE = YES;
				IPHONEOS_DEPLOYMENT_TARGET = 10.1;
				MTL_ENABLE_DEBUG_INFO = YES;
				ONLY_ACTIVE_ARCH = YES;
				SDKROOT = iphoneos;
				SWIFT_ACTIVE_COMPILATION_CONDITIONS = DEBUG;
				SWIFT_OPTIMIZATION_LEVEL = "-Onone";
			};
			name = Debug;
		};
		EF5F5FB31E07C36E0006E4F7 /* Release */ = {
			isa = XCBuildConfiguration;
			buildSettings = {
				ALWAYS_SEARCH_USER_PATHS = NO;
				CLANG_ANALYZER_NONNULL = YES;
				CLANG_CXX_LANGUAGE_STANDARD = "gnu++0x";
				CLANG_CXX_LIBRARY = "libc++";
				CLANG_ENABLE_MODULES = YES;
				CLANG_ENABLE_OBJC_ARC = YES;
				CLANG_WARN_BLOCK_CAPTURE_AUTORELEASING = YES;
				CLANG_WARN_BOOL_CONVERSION = YES;
				CLANG_WARN_COMMA = YES;
				CLANG_WARN_CONSTANT_CONVERSION = YES;
				CLANG_WARN_DEPRECATED_OBJC_IMPLEMENTATIONS = YES;
				CLANG_WARN_DIRECT_OBJC_ISA_USAGE = YES_ERROR;
				CLANG_WARN_DOCUMENTATION_COMMENTS = YES;
				CLANG_WARN_EMPTY_BODY = YES;
				CLANG_WARN_ENUM_CONVERSION = YES;
				CLANG_WARN_INFINITE_RECURSION = YES;
				CLANG_WARN_INT_CONVERSION = YES;
				CLANG_WARN_NON_LITERAL_NULL_CONVERSION = YES;
				CLANG_WARN_OBJC_IMPLICIT_RETAIN_SELF = YES;
				CLANG_WARN_OBJC_LITERAL_CONVERSION = YES;
				CLANG_WARN_OBJC_ROOT_CLASS = YES_ERROR;
				CLANG_WARN_RANGE_LOOP_ANALYSIS = YES;
				CLANG_WARN_STRICT_PROTOTYPES = YES;
				CLANG_WARN_SUSPICIOUS_MOVE = YES;
				CLANG_WARN_SUSPICIOUS_MOVES = YES;
				CLANG_WARN_UNREACHABLE_CODE = YES;
				CLANG_WARN__DUPLICATE_METHOD_MATCH = YES;
				"CODE_SIGN_IDENTITY[sdk=iphoneos*]" = "iPhone Developer";
				COPY_PHASE_STRIP = NO;
				DEBUG_INFORMATION_FORMAT = "dwarf-with-dsym";
				ENABLE_NS_ASSERTIONS = NO;
				ENABLE_STRICT_OBJC_MSGSEND = YES;
				GCC_C_LANGUAGE_STANDARD = gnu99;
				GCC_NO_COMMON_BLOCKS = YES;
				GCC_WARN_64_TO_32_BIT_CONVERSION = YES;
				GCC_WARN_ABOUT_RETURN_TYPE = YES_ERROR;
				GCC_WARN_UNDECLARED_SELECTOR = YES;
				GCC_WARN_UNINITIALIZED_AUTOS = YES_AGGRESSIVE;
				GCC_WARN_UNUSED_FUNCTION = YES;
				GCC_WARN_UNUSED_VARIABLE = YES;
				IPHONEOS_DEPLOYMENT_TARGET = 10.1;
				MTL_ENABLE_DEBUG_INFO = NO;
				SDKROOT = iphoneos;
				SWIFT_OPTIMIZATION_LEVEL = "-Owholemodule";
				VALIDATE_PRODUCT = YES;
			};
			name = Release;
		};
		EF5F5FB51E07C36E0006E4F7 /* Debug */ = {
			isa = XCBuildConfiguration;
			buildSettings = {
				ASSETCATALOG_COMPILER_APPICON_NAME = AppIcon;
				DEVELOPMENT_TEAM = ZHNA975N38;
				INFOPLIST_FILE = CunstomFont/Info.plist;
				IPHONEOS_DEPLOYMENT_TARGET = 10.0;
				LD_RUNPATH_SEARCH_PATHS = "$(inherited) @executable_path/Frameworks";
				PRODUCT_BUNDLE_IDENTIFIER = cn.andyron.CunstomFont;
				PRODUCT_NAME = "$(TARGET_NAME)";
				SWIFT_VERSION = 3.0;
			};
			name = Debug;
		};
		EF5F5FB61E07C36E0006E4F7 /* Release */ = {
			isa = XCBuildConfiguration;
			buildSettings = {
				ASSETCATALOG_COMPILER_APPICON_NAME = AppIcon;
				DEVELOPMENT_TEAM = ZHNA975N38;
				INFOPLIST_FILE = CunstomFont/Info.plist;
				IPHONEOS_DEPLOYMENT_TARGET = 10.0;
				LD_RUNPATH_SEARCH_PATHS = "$(inherited) @executable_path/Frameworks";
				PRODUCT_BUNDLE_IDENTIFIER = cn.andyron.CunstomFont;
				PRODUCT_NAME = "$(TARGET_NAME)";
				SWIFT_VERSION = 3.0;
			};
			name = Release;
		};
/* End XCBuildConfiguration section */

/* Begin XCConfigurationList section */
		EF5F5F871E07C36E0006E4F7 /* Build configuration list for PBXProject "CunstomFont" */ = {
			isa = XCConfigurationList;
			buildConfigurations = (
				EF5F5FB21E07C36E0006E4F7 /* Debug */,
				EF5F5FB31E07C36E0006E4F7 /* Release */,
			);
			defaultConfigurationIsVisible = 0;
			defaultConfigurationName = Release;
		};
		EF5F5FB41E07C36E0006E4F7 /* Build configuration list for PBXNativeTarget "CunstomFont" */ = {
			isa = XCConfigurationList;
			buildConfigurations = (
				EF5F5FB51E07C36E0006E4F7 /* Debug */,
				EF5F5FB61E07C36E0006E4F7 /* Release */,
			);
			defaultConfigurationIsVisible = 0;
			defaultConfigurationName = Release;
		};
/* End XCConfigurationList section */
	};
	rootObject = EF5F5F841E07C36E0006E4F7 /* Project object */;
}
