// !$*UTF8*$!
{
	archiveVersion = 1;
	classes = {
	};
	objectVersion = 46;
	objects = {

/* Begin PBXBuildFile section */
		EFBBFCE01EBB6AB9001FBAF1 /* FeedParser.swift in Sources */ = {isa = PBXBuildFile; fileRef = EFBBFCDF1EBB6AB9001FBAF1 /* FeedParser.swift */; };
		F41207171DC04F2900CF8039 /* AppDelegate.swift in Sources */ = {isa = PBXBuildFile; fileRef = F41207161DC04F2900CF8039 /* AppDelegate.swift */; };
		F412071C1DC04F2900CF8039 /* Main.storyboard in Resources */ = {isa = PBXBuildFile; fileRef = F412071A1DC04F2900CF8039 /* Main.storyboard */; };
		F412071E1DC04F2900CF8039 /* Assets.xcassets in Resources */ = {isa = PBXBuildFile; fileRef = F412071D1DC04F2900CF8039 /* Assets.xcassets */; };
		F41207211DC04F2900CF8039 /* LaunchScreen.storyboard in Resources */ = {isa = PBXBuildFile; fileRef = F412071F1DC04F2900CF8039 /* LaunchScreen.storyboard */; };
		F412072B1DC050F700CF8039 /* NewsTableViewCell.swift in Sources */ = {isa = PBXBuildFile; fileRef = F412072A1DC050F700CF8039 /* NewsTableViewCell.swift */; };
		F412072D1DC0510C00CF8039 /* NewsTableViewController.swift in Sources */ = {isa = PBXBuildFile; fileRef = F412072C1DC0510C00CF8039 /* NewsTableViewController.swift */; };
/* End PBXBuildFile section */

/* Begin PBXFileReference section */
		EFBBFCDF1EBB6AB9001FBAF1 /* FeedParser.swift */ = {isa = PBXFileReference; fileEncoding = 4; lastKnownFileType = sourcecode.swift; path = FeedParser.swift; sourceTree = "<group>"; };
		F41207131DC04F2900CF8039 /* SimpleRSSReader.app */ = {isa = PBXFileReference; explicitFileType = wrapper.application; includeInIndex = 0; path = SimpleRSSReader.app; sourceTree = BUILT_PRODUCTS_DIR; };
		F41207161DC04F2900CF8039 /* AppDelegate.swift */ = {isa = PBXFileReference; lastKnownFileType = sourcecode.swift; path = AppDelegate.swift; sourceTree = "<group>"; };
		F412071B1DC04F2900CF8039 /* Base */ = {isa = PBXFileReference; lastKnownFileType = file.storyboard; name = Base; path = Base.lproj/Main.storyboard; sourceTree = "<group>"; };
		F412071D1DC04F2900CF8039 /* Assets.xcassets */ = {isa = PBXFileReference; lastKnownFileType = folder.assetcatalog; path = Assets.xcassets; sourceTree = "<group>"; };
		F41207201DC04F2900CF8039 /* Base */ = {isa = PBXFileReference; lastKnownFileType = file.storyboard; name = Base; path = Base.lproj/LaunchScreen.storyboard; sourceTree = "<group>"; };
		F41207221DC04F2900CF8039 /* Info.plist */ = {isa = PBXFileReference; lastKnownFileType = text.plist.xml; path = Info.plist; sourceTree = "<group>"; };
		F412072A1DC050F700CF8039 /* NewsTableViewCell.swift */ = {isa = PBXFileReference; fileEncoding = 4; lastKnownFileType = sourcecode.swift; path = NewsTableViewCell.swift; sourceTree = "<group>"; };
		F412072C1DC0510C00CF8039 /* NewsTableViewController.swift */ = {isa = PBXFileReference; fileEncoding = 4; lastKnownFileType = sourcecode.swift; path = NewsTableViewController.swift; sourceTree = "<group>"; };
/* End PBXFileReference section */

/* Begin PBXFrameworksBuildPhase section */
		F41207101DC04F2900CF8039 /* Frameworks */ = {
			isa = PBXFrameworksBuildPhase;
			buildActionMask = 2147483647;
			files = (
			);
			runOnlyForDeploymentPostprocessing = 0;
		};
/* End PBXFrameworksBuildPhase section */

/* Begin PBXGroup section */
		F412070A1DC04F2900CF8039 = {
			isa = PBXGroup;
			children = (
				F41207151DC04F2900CF8039 /* SimpleRSSReader */,
				F41207141DC04F2900CF8039 /* Products */,
			);
			sourceTree = "<group>";
		};
		F41207141DC04F2900CF8039 /* Products */ = {
			isa = PBXGroup;
			children = (
				F41207131DC04F2900CF8039 /* SimpleRSSReader.app */,
			);
			name = Products;
			sourceTree = "<group>";
		};
		F41207151DC04F2900CF8039 /* SimpleRSSReader */ = {
			isa = PBXGroup;
			children = (
				F41207161DC04F2900CF8039 /* AppDelegate.swift */,
				F412071A1DC04F2900CF8039 /* Main.storyboard */,
				F412071D1DC04F2900CF8039 /* Assets.xcassets */,
				F412071F1DC04F2900CF8039 /* LaunchScreen.storyboard */,
				F41207221DC04F2900CF8039 /* Info.plist */,
				F412072A1DC050F700CF8039 /* NewsTableViewCell.swift */,
				F412072C1DC0510C00CF8039 /* NewsTableViewController.swift */,
				EFBBFCDF1EBB6AB9001FBAF1 /* FeedParser.swift */,
			);
			path = SimpleRSSReader;
			sourceTree = "<group>";
		};
/* End PBXGroup section */

/* Begin PBXNativeTarget section */
		F41207121DC04F2900CF8039 /* SimpleRSSReader */ = {
			isa = PBXNativeTarget;
			buildConfigurationList = F41207251DC04F2900CF8039 /* Build configuration list for PBXNativeTarget "SimpleRSSReader" */;
			buildPhases = (
				F412070F1DC04F2900CF8039 /* Sources */,
				F41207101DC04F2900CF8039 /* Frameworks */,
				F41207111DC04F2900CF8039 /* Resources */,
			);
			buildRules = (
			);
			dependencies = (
			);
			name = SimpleRSSReader;
			productName = SimpleRSSReader;
			productReference = F41207131DC04F2900CF8039 /* SimpleRSSReader.app */;
			productType = "com.apple.product-type.application";
		};
/* End PBXNativeTarget section */

/* Begin PBXProject section */
		F412070B1DC04F2900CF8039 /* Project object */ = {
			isa = PBXProject;
			attributes = {
				LastSwiftUpdateCheck = 0810;
				LastUpgradeCheck = 0810;
				ORGANIZATIONNAME = AppCoda;
				TargetAttributes = {
					F41207121DC04F2900CF8039 = {
						CreatedOnToolsVersion = 8.1;
						DevelopmentTeam = ZHNA975N38;
						ProvisioningStyle = Automatic;
					};
				};
			};
			buildConfigurationList = F412070E1DC04F2900CF8039 /* Build configuration list for PBXProject "SimpleRSSReader" */;
			compatibilityVersion = "Xcode 3.2";
			developmentRegion = English;
			hasScannedForEncodings = 0;
			knownRegions = (
				en,
				Base,
			);
			mainGroup = F412070A1DC04F2900CF8039;
			productRefGroup = F41207141DC04F2900CF8039 /* Products */;
			projectDirPath = "";
			projectRoot = "";
			targets = (
				F41207121DC04F2900CF8039 /* SimpleRSSReader */,
			);
		};
/* End PBXProject section */

/* Begin PBXResourcesBuildPhase section */
		F41207111DC04F2900CF8039 /* Resources */ = {
			isa = PBXResourcesBuildPhase;
			buildActionMask = 2147483647;
			files = (
				F41207211DC04F2900CF8039 /* LaunchScreen.storyboard in Resources */,
				F412071E1DC04F2900CF8039 /* Assets.xcassets in Resources */,
				F412071C1DC04F2900CF8039 /* Main.storyboard in Resources */,
			);
			runOnlyForDeploymentPostprocessing = 0;
		};
/* End PBXResourcesBuildPhase section */

/* Begin PBXSourcesBuildPhase section */
		F412070F1DC04F2900CF8039 /* Sources */ = {
			isa = PBXSourcesBuildPhase;
			buildActionMask = 2147483647;
			files = (
				EFBBFCE01EBB6AB9001FBAF1 /* FeedParser.swift in Sources */,
				F41207171DC04F2900CF8039 /* AppDelegate.swift in Sources */,
				F412072B1DC050F700CF8039 /* NewsTableViewCell.swift in Sources */,
				F412072D1DC0510C00CF8039 /* NewsTableViewController.swift in Sources */,
			);
			runOnlyForDeploymentPostprocessing = 0;
		};
/* End PBXSourcesBuildPhase section */

/* Begin PBXVariantGroup section */
		F412071A1DC04F2900CF8039 /* Main.storyboard */ = {
			isa = PBXVariantGroup;
			children = (
				F412071B1DC04F2900CF8039 /* Base */,
			);
			name = Main.storyboard;
			sourceTree = "<group>";
		};
		F412071F1DC04F2900CF8039 /* LaunchScreen.storyboard */ = {
			isa = PBXVariantGroup;
			children = (
				F41207201DC04F2900CF8039 /* Base */,
			);
			name = LaunchScreen.storyboard;
			sourceTree = "<group>";
		};
/* End PBXVariantGroup section */

/* Begin XCBuildConfiguration section */
		F41207231DC04F2900CF8039 /* Debug */ = {
			isa = XCBuildConfiguration;
			buildSettings = {
				ALWAYS_SEARCH_USER_PATHS = NO;
				CLANG_ANALYZER_NONNULL = YES;
				CLANG_CXX_LANGUAGE_STANDARD = "gnu++0x";
				CLANG_CXX_LIBRARY = "libc++";
				CLANG_ENABLE_MODULES = YES;
				CLANG_ENABLE_OBJC_ARC = YES;
				CLANG_WARN_BOOL_CONVERSION = YES;
				CLANG_WARN_CONSTANT_CONVERSION = YES;
				CLANG_WARN_DIRECT_OBJC_ISA_USAGE = YES_ERROR;
				CLANG_WARN_DOCUMENTATION_COMMENTS = YES;
				CLANG_WARN_EMPTY_BODY = YES;
				CLANG_WARN_ENUM_CONVERSION = YES;
				CLANG_WARN_INFINITE_RECURSION = YES;
				CLANG_WARN_INT_CONVERSION = YES;
				CLANG_WARN_OBJC_ROOT_CLASS = YES_ERROR;
				CLANG_WARN_SUSPICIOUS_MOVES = YES;
				CLANG_WARN_UNREACHABLE_CODE = YES;
				CLANG_WARN__DUPLICATE_METHOD_MATCH = YES;
				"CODE_SIGN_IDENTITY[sdk=iphoneos*]" = "iPhone Developer";
				COPY_PHASE_STRIP = NO;
				DEBUG_INFORMATION_FORMAT = dwarf;
				ENABLE_STRICT_OBJC_MSGSEND = YES;
				ENABLE_TESTABILITY = YES;
				GCC_C_LANGUAGE_STANDARD = gnu99;
				GCC_DYNAMIC_NO_PIC = NO;
				GCC_NO_COMMON_BLOCKS = YES;
				GCC_OPTIMIZATION_LEVEL = 0;
				GCC_PREPROCESSOR_DEFINITIONS = (
					"DEBUG=1",
					"$(inherited)",
				);
				GCC_WARN_64_TO_32_BIT_CONVERSION = YES;
				GCC_WARN_ABOUT_RETURN_TYPE = YES_ERROR;
				GCC_WARN_UNDECLARED_SELECTOR = YES;
				GCC_WARN_UNINITIALIZED_AUTOS = YES_AGGRESSIVE;
				GCC_WARN_UNUSED_FUNCTION = YES;
				GCC_WARN_UNUSED_VARIABLE = YES;
				IPHONEOS_DEPLOYMENT_TARGET = 10.1;
				MTL_ENABLE_DEBUG_INFO = YES;
				ONLY_ACTIVE_ARCH = YES;
				SDKROOT = iphoneos;
				SWIFT_ACTIVE_COMPILATION_CONDITIONS = DEBUG;
				SWIFT_OPTIMIZATION_LEVEL = "-Onone";
				TARGETED_DEVICE_FAMILY = "1,2";
			};
			name = Debug;
		};
		F41207241DC04F2900CF8039 /* Release */ = {
			isa = XCBuildConfiguration;
			buildSettings = {
				ALWAYS_SEARCH_USER_PATHS = NO;
				CLANG_ANALYZER_NONNULL = YES;
				CLANG_CXX_LANGUAGE_STANDARD = "gnu++0x";
				CLANG_CXX_LIBRARY = "libc++";
				CLANG_ENABLE_MODULES = YES;
				CLANG_ENABLE_OBJC_ARC = YES;
				CLANG_WARN_BOOL_CONVERSION = YES;
				CLANG_WARN_CONSTANT_CONVERSION = YES;
				CLANG_WARN_DIRECT_OBJC_ISA_USAGE = YES_ERROR;
				CLANG_WARN_DOCUMENTATION_COMMENTS = YES;
				CLANG_WARN_EMPTY_BODY = YES;
				CLANG_WARN_ENUM_CONVERSION = YES;
				CLANG_WARN_INFINITE_RECURSION = YES;
				CLANG_WARN_INT_CONVERSION = YES;
				CLANG_WARN_OBJC_ROOT_CLASS = YES_ERROR;
				CLANG_WARN_SUSPICIOUS_MOVES = YES;
				CLANG_WARN_UNREACHABLE_CODE = YES;
				CLANG_WARN__DUPLICATE_METHOD_MATCH = YES;
				"CODE_SIGN_IDENTITY[sdk=iphoneos*]" = "iPhone Developer";
				COPY_PHASE_STRIP = NO;
				DEBUG_INFORMATION_FORMAT = "dwarf-with-dsym";
				ENABLE_NS_ASSERTIONS = NO;
				ENABLE_STRICT_OBJC_MSGSEND = YES;
				GCC_C_LANGUAGE_STANDARD = gnu99;
				GCC_NO_COMMON_BLOCKS = YES;
				GCC_WARN_64_TO_32_BIT_CONVERSION = YES;
				GCC_WARN_ABOUT_RETURN_TYPE = YES_ERROR;
				GCC_WARN_UNDECLARED_SELECTOR = YES;
				GCC_WARN_UNINITIALIZED_AUTOS = YES_AGGRESSIVE;
				GCC_WARN_UNUSED_FUNCTION = YES;
				GCC_WARN_UNUSED_VARIABLE = YES;
				IPHONEOS_DEPLOYMENT_TARGET = 10.1;
				MTL_ENABLE_DEBUG_INFO = NO;
				SDKROOT = iphoneos;
				SWIFT_OPTIMIZATION_LEVEL = "-Owholemodule";
				TARGETED_DEVICE_FAMILY = "1,2";
				VALIDATE_PRODUCT = YES;
			};
			name = Release;
		};
		F41207261DC04F2900CF8039 /* Debug */ = {
			isa = XCBuildConfiguration;
			buildSettings = {
				ASSETCATALOG_COMPILER_APPICON_NAME = AppIcon;
				DEVELOPMENT_TEAM = ZHNA975N38;
				INFOPLIST_FILE = SimpleRSSReader/Info.plist;
				LD_RUNPATH_SEARCH_PATHS = "$(inherited) @executable_path/Frameworks";
				PRODUCT_BUNDLE_IDENTIFIER = cn.andyron.SimpleRSSReader;
				PRODUCT_NAME = "$(TARGET_NAME)";
				SWIFT_VERSION = 3.0;
			};
			name = Debug;
		};
		F41207271DC04F2900CF8039 /* Release */ = {
			isa = XCBuildConfiguration;
			buildSettings = {
				ASSETCATALOG_COMPILER_APPICON_NAME = AppIcon;
				DEVELOPMENT_TEAM = ZHNA975N38;
				INFOPLIST_FILE = SimpleRSSReader/Info.plist;
				LD_RUNPATH_SEARCH_PATHS = "$(inherited) @executable_path/Frameworks";
				PRODUCT_BUNDLE_IDENTIFIER = cn.andyron.SimpleRSSReader;
				PRODUCT_NAME = "$(TARGET_NAME)";
				SWIFT_VERSION = 3.0;
			};
			name = Release;
		};
/* End XCBuildConfiguration section */

/* Begin XCConfigurationList section */
		F412070E1DC04F2900CF8039 /* Build configuration list for PBXProject "SimpleRSSReader" */ = {
			isa = XCConfigurationList;
			buildConfigurations = (
				F41207231DC04F2900CF8039 /* Debug */,
				F41207241DC04F2900CF8039 /* Release */,
			);
			defaultConfigurationIsVisible = 0;
			defaultConfigurationName = Release;
		};
		F41207251DC04F2900CF8039 /* Build configuration list for PBXNativeTarget "SimpleRSSReader" */ = {
			isa = XCConfigurationList;
			buildConfigurations = (
				F41207261DC04F2900CF8039 /* Debug */,
				F41207271DC04F2900CF8039 /* Release */,
			);
			defaultConfigurationIsVisible = 0;
			defaultConfigurationName = Release;
		};
/* End XCConfigurationList section */
	};
	rootObject = F412070B1DC04F2900CF8039 /* Project object */;
}
