// !$*UTF8*$!
{
	archiveVersion = 1;
	classes = {
	};
	objectVersion = 50;
	objects = {

/* Begin PBXBuildFile section */
		EF058E1E20CA0D1700AE1AC8 /* AppDelegate.swift in Sources */ = {isa = PBXBuildFile; fileRef = EF058E1D20CA0D1700AE1AC8 /* AppDelegate.swift */; };
		EF058E2020CA0D1700AE1AC8 /* ViewController.swift in Sources */ = {isa = PBXBuildFile; fileRef = EF058E1F20CA0D1700AE1AC8 /* ViewController.swift */; };
		EF058E2320CA0D1700AE1AC8 /* Main.storyboard in Resources */ = {isa = PBXBuildFile; fileRef = EF058E2120CA0D1700AE1AC8 /* Main.storyboard */; };
		EF058E2520CA0D1900AE1AC8 /* Assets.xcassets in Resources */ = {isa = PBXBuildFile; fileRef = EF058E2420CA0D1900AE1AC8 /* Assets.xcassets */; };
		EF058E2820CA0D1900AE1AC8 /* LaunchScreen.storyboard in Resources */ = {isa = PBXBuildFile; fileRef = EF058E2620CA0D1900AE1AC8 /* LaunchScreen.storyboard */; };
/* End PBXBuildFile section */

/* Begin PBXFileReference section */
		EF058E1A20CA0D1700AE1AC8 /* ARQuoraDots.app */ = {isa = PBXFileReference; explicitFileType = wrapper.application; includeInIndex = 0; path = ARQuoraDots.app; sourceTree = BUILT_PRODUCTS_DIR; };
		EF058E1D20CA0D1700AE1AC8 /* AppDelegate.swift */ = {isa = PBXFileReference; lastKnownFileType = sourcecode.swift; path = AppDelegate.swift; sourceTree = "<group>"; };
		EF058E1F20CA0D1700AE1AC8 /* ViewController.swift */ = {isa = PBXFileReference; lastKnownFileType = sourcecode.swift; path = ViewController.swift; sourceTree = "<group>"; };
		EF058E2220CA0D1700AE1AC8 /* Base */ = {isa = PBXFileReference; lastKnownFileType = file.storyboard; name = Base; path = Base.lproj/Main.storyboard; sourceTree = "<group>"; };
		EF058E2420CA0D1900AE1AC8 /* Assets.xcassets */ = {isa = PBXFileReference; lastKnownFileType = folder.assetcatalog; path = Assets.xcassets; sourceTree = "<group>"; };
		EF058E2720CA0D1900AE1AC8 /* Base */ = {isa = PBXFileReference; lastKnownFileType = file.storyboard; name = Base; path = Base.lproj/LaunchScreen.storyboard; sourceTree = "<group>"; };
		EF058E2920CA0D1900AE1AC8 /* Info.plist */ = {isa = PBXFileReference; lastKnownFileType = text.plist.xml; path = Info.plist; sourceTree = "<group>"; };
/* End PBXFileReference section */

/* Begin PBXFrameworksBuildPhase section */
		EF058E1720CA0D1700AE1AC8 /* Frameworks */ = {
			isa = PBXFrameworksBuildPhase;
			buildActionMask = 2147483647;
			files = (
			);
			runOnlyForDeploymentPostprocessing = 0;
		};
/* End PBXFrameworksBuildPhase section */

/* Begin PBXGroup section */
		EF058E1120CA0D1700AE1AC8 = {
			isa = PBXGroup;
			children = (
				EF058E1C20CA0D1700AE1AC8 /* ARQuoraDots */,
				EF058E1B20CA0D1700AE1AC8 /* Products */,
			);
			sourceTree = "<group>";
		};
		EF058E1B20CA0D1700AE1AC8 /* Products */ = {
			isa = PBXGroup;
			children = (
				EF058E1A20CA0D1700AE1AC8 /* ARQuoraDots.app */,
			);
			name = Products;
			sourceTree = "<group>";
		};
		EF058E1C20CA0D1700AE1AC8 /* ARQuoraDots */ = {
			isa = PBXGroup;
			children = (
				EF058E1D20CA0D1700AE1AC8 /* AppDelegate.swift */,
				EF058E1F20CA0D1700AE1AC8 /* ViewController.swift */,
				EF058E2120CA0D1700AE1AC8 /* Main.storyboard */,
				EF058E2420CA0D1900AE1AC8 /* Assets.xcassets */,
				EF058E2620CA0D1900AE1AC8 /* LaunchScreen.storyboard */,
				EF058E2920CA0D1900AE1AC8 /* Info.plist */,
			);
			path = ARQuoraDots;
			sourceTree = "<group>";
		};
/* End PBXGroup section */

/* Begin PBXNativeTarget section */
		EF058E1920CA0D1700AE1AC8 /* ARQuoraDots */ = {
			isa = PBXNativeTarget;
			buildConfigurationList = EF058E2C20CA0D1900AE1AC8 /* Build configuration list for PBXNativeTarget "ARQuoraDots" */;
			buildPhases = (
				EF058E1620CA0D1700AE1AC8 /* Sources */,
				EF058E1720CA0D1700AE1AC8 /* Frameworks */,
				EF058E1820CA0D1700AE1AC8 /* Resources */,
			);
			buildRules = (
			);
			dependencies = (
			);
			name = ARQuoraDots;
			productName = ARQuoraDots;
			productReference = EF058E1A20CA0D1700AE1AC8 /* ARQuoraDots.app */;
			productType = "com.apple.product-type.application";
		};
/* End PBXNativeTarget section */

/* Begin PBXProject section */
		EF058E1220CA0D1700AE1AC8 /* Project object */ = {
			isa = PBXProject;
			attributes = {
				LastSwiftUpdateCheck = 0940;
				LastUpgradeCheck = 0940;
				ORGANIZATIONNAME = andyron;
				TargetAttributes = {
					EF058E1920CA0D1700AE1AC8 = {
						CreatedOnToolsVersion = 9.4;
					};
				};
			};
			buildConfigurationList = EF058E1520CA0D1700AE1AC8 /* Build configuration list for PBXProject "ARQuoraDots" */;
			compatibilityVersion = "Xcode 9.3";
			developmentRegion = en;
			hasScannedForEncodings = 0;
			knownRegions = (
				en,
				Base,
			);
			mainGroup = EF058E1120CA0D1700AE1AC8;
			productRefGroup = EF058E1B20CA0D1700AE1AC8 /* Products */;
			projectDirPath = "";
			projectRoot = "";
			targets = (
				EF058E1920CA0D1700AE1AC8 /* ARQuoraDots */,
			);
		};
/* End PBXProject section */

/* Begin PBXResourcesBuildPhase section */
		EF058E1820CA0D1700AE1AC8 /* Resources */ = {
			isa = PBXResourcesBuildPhase;
			buildActionMask = 2147483647;
			files = (
				EF058E2820CA0D1900AE1AC8 /* LaunchScreen.storyboard in Resources */,
				EF058E2520CA0D1900AE1AC8 /* Assets.xcassets in Resources */,
				EF058E2320CA0D1700AE1AC8 /* Main.storyboard in Resources */,
			);
			runOnlyForDeploymentPostprocessing = 0;
		};
/* End PBXResourcesBuildPhase section */

/* Begin PBXSourcesBuildPhase section */
		EF058E1620CA0D1700AE1AC8 /* Sources */ = {
			isa = PBXSourcesBuildPhase;
			buildActionMask = 2147483647;
			files = (
				EF058E2020CA0D1700AE1AC8 /* ViewController.swift in Sources */,
				EF058E1E20CA0D1700AE1AC8 /* AppDelegate.swift in Sources */,
			);
			runOnlyForDeploymentPostprocessing = 0;
		};
/* End PBXSourcesBuildPhase section */

/* Begin PBXVariantGroup section */
		EF058E2120CA0D1700AE1AC8 /* Main.storyboard */ = {
			isa = PBXVariantGroup;
			children = (
				EF058E2220CA0D1700AE1AC8 /* Base */,
			);
			name = Main.storyboard;
			sourceTree = "<group>";
		};
		EF058E2620CA0D1900AE1AC8 /* LaunchScreen.storyboard */ = {
			isa = PBXVariantGroup;
			children = (
				EF058E2720CA0D1900AE1AC8 /* Base */,
			);
			name = LaunchScreen.storyboard;
			sourceTree = "<group>";
		};
/* End PBXVariantGroup section */

/* Begin XCBuildConfiguration section */
		EF058E2A20CA0D1900AE1AC8 /* Debug */ = {
			isa = XCBuildConfiguration;
			buildSettings = {
				ALWAYS_SEARCH_USER_PATHS = NO;
				CLANG_ANALYZER_NONNULL = YES;
				CLANG_ANALYZER_NUMBER_OBJECT_CONVERSION = YES_AGGRESSIVE;
				CLANG_CXX_LANGUAGE_STANDARD = "gnu++14";
				CLANG_CXX_LIBRARY = "libc++";
				CLANG_ENABLE_MODULES = YES;
				CLANG_ENABLE_OBJC_ARC = YES;
				CLANG_ENABLE_OBJC_WEAK = YES;
				CLANG_WARN_BLOCK_CAPTURE_AUTORELEASING = YES;
				CLANG_WARN_BOOL_CONVERSION = YES;
				CLANG_WARN_COMMA = YES;
				CLANG_WARN_CONSTANT_CONVERSION = YES;
				CLANG_WARN_DEPRECATED_OBJC_IMPLEMENTATIONS = YES;
				CLANG_WARN_DIRECT_OBJC_ISA_USAGE = YES_ERROR;
				CLANG_WARN_DOCUMENTATION_COMMENTS = YES;
				CLANG_WARN_EMPTY_BODY = YES;
				CLANG_WARN_ENUM_CONVERSION = YES;
				CLANG_WARN_INFINITE_RECURSION = YES;
				CLANG_WARN_INT_CONVERSION = YES;
				CLANG_WARN_NON_LITERAL_NULL_CONVERSION = YES;
				CLANG_WARN_OBJC_IMPLICIT_RETAIN_SELF = YES;
				CLANG_WARN_OBJC_LITERAL_CONVERSION = YES;
				CLANG_WARN_OBJC_ROOT_CLASS = YES_ERROR;
				CLANG_WARN_RANGE_LOOP_ANALYSIS = YES;
				CLANG_WARN_STRICT_PROTOTYPES = YES;
				CLANG_WARN_SUSPICIOUS_MOVE = YES;
				CLANG_WARN_UNGUARDED_AVAILABILITY = YES_AGGRESSIVE;
				CLANG_WARN_UNREACHABLE_CODE = YES;
				CLANG_WARN__DUPLICATE_METHOD_MATCH = YES;
				CODE_SIGN_IDENTITY = "iPhone Developer";
				COPY_PHASE_STRIP = NO;
				DEBUG_INFORMATION_FORMAT = dwarf;
				ENABLE_STRICT_OBJC_MSGSEND = YES;
				ENABLE_TESTABILITY = YES;
				GCC_C_LANGUAGE_STANDARD = gnu11;
				GCC_DYNAMIC_NO_PIC = NO;
				GCC_NO_COMMON_BLOCKS = YES;
				GCC_OPTIMIZATION_LEVEL = 0;
				GCC_PREPROCESSOR_DEFINITIONS = (
					"DEBUG=1",
					"$(inherited)",
				);
				GCC_WARN_64_TO_32_BIT_CONVERSION = YES;
				GCC_WARN_ABOUT_RETURN_TYPE = YES_ERROR;
				GCC_WARN_UNDECLARED_SELECTOR = YES;
				GCC_WARN_UNINITIALIZED_AUTOS = YES_AGGRESSIVE;
				GCC_WARN_UNUSED_FUNCTION = YES;
				GCC_WARN_UNUSED_VARIABLE = YES;
				IPHONEOS_DEPLOYMENT_TARGET = 11.4;
				MTL_ENABLE_DEBUG_INFO = YES;
				ONLY_ACTIVE_ARCH = YES;
				SDKROOT = iphoneos;
				SWIFT_ACTIVE_COMPILATION_CONDITIONS = DEBUG;
				SWIFT_OPTIMIZATION_LEVEL = "-Onone";
			};
			name = Debug;
		};
		EF058E2B20CA0D1900AE1AC8 /* Release */ = {
			isa = XCBuildConfiguration;
			buildSettings = {
				ALWAYS_SEARCH_USER_PATHS = NO;
				CLANG_ANALYZER_NONNULL = YES;
				CLANG_ANALYZER_NUMBER_OBJECT_CONVERSION = YES_AGGRESSIVE;
				CLANG_CXX_LANGUAGE_STANDARD = "gnu++14";
				CLANG_CXX_LIBRARY = "libc++";
				CLANG_ENABLE_MODULES = YES;
				CLANG_ENABLE_OBJC_ARC = YES;
				CLANG_ENABLE_OBJC_WEAK = YES;
				CLANG_WARN_BLOCK_CAPTURE_AUTORELEASING = YES;
				CLANG_WARN_BOOL_CONVERSION = YES;
				CLANG_WARN_COMMA = YES;
				CLANG_WARN_CONSTANT_CONVERSION = YES;
				CLANG_WARN_DEPRECATED_OBJC_IMPLEMENTATIONS = YES;
				CLANG_WARN_DIRECT_OBJC_ISA_USAGE = YES_ERROR;
				CLANG_WARN_DOCUMENTATION_COMMENTS = YES;
				CLANG_WARN_EMPTY_BODY = YES;
				CLANG_WARN_ENUM_CONVERSION = YES;
				CLANG_WARN_INFINITE_RECURSION = YES;
				CLANG_WARN_INT_CONVERSION = YES;
				CLANG_WARN_NON_LITERAL_NULL_CONVERSION = YES;
				CLANG_WARN_OBJC_IMPLICIT_RETAIN_SELF = YES;
				CLANG_WARN_OBJC_LITERAL_CONVERSION = YES;
				CLANG_WARN_OBJC_ROOT_CLASS = YES_ERROR;
				CLANG_WARN_RANGE_LOOP_ANALYSIS = YES;
				CLANG_WARN_STRICT_PROTOTYPES = YES;
				CLANG_WARN_SUSPICIOUS_MOVE = YES;
				CLANG_WARN_UNGUARDED_AVAILABILITY = YES_AGGRESSIVE;
				CLANG_WARN_UNREACHABLE_CODE = YES;
				CLANG_WARN__DUPLICATE_METHOD_MATCH = YES;
				CODE_SIGN_IDENTITY = "iPhone Developer";
				COPY_PHASE_STRIP = NO;
				DEBUG_INFORMATION_FORMAT = "dwarf-with-dsym";
				ENABLE_NS_ASSERTIONS = NO;
				ENABLE_STRICT_OBJC_MSGSEND = YES;
				GCC_C_LANGUAGE_STANDARD = gnu11;
				GCC_NO_COMMON_BLOCKS = YES;
				GCC_WARN_64_TO_32_BIT_CONVERSION = YES;
				GCC_WARN_ABOUT_RETURN_TYPE = YES_ERROR;
				GCC_WARN_UNDECLARED_SELECTOR = YES;
				GCC_WARN_UNINITIALIZED_AUTOS = YES_AGGRESSIVE;
				GCC_WARN_UNUSED_FUNCTION = YES;
				GCC_WARN_UNUSED_VARIABLE = YES;
				IPHONEOS_DEPLOYMENT_TARGET = 11.4;
				MTL_ENABLE_DEBUG_INFO = NO;
				SDKROOT = iphoneos;
				SWIFT_COMPILATION_MODE = wholemodule;
				SWIFT_OPTIMIZATION_LEVEL = "-O";
				VALIDATE_PRODUCT = YES;
			};
			name = Release;
		};
		EF058E2D20CA0D1900AE1AC8 /* Debug */ = {
			isa = XCBuildConfiguration;
			buildSettings = {
				ASSETCATALOG_COMPILER_APPICON_NAME = AppIcon;
				CODE_SIGN_STYLE = Automatic;
				DEVELOPMENT_TEAM = ZHNA975N38;
				INFOPLIST_FILE = ARQuoraDots/Info.plist;
				LD_RUNPATH_SEARCH_PATHS = (
					"$(inherited)",
					"@executable_path/Frameworks",
				);
				PRODUCT_BUNDLE_IDENTIFIER = com.andyron.ARQuoraDots;
				PRODUCT_NAME = "$(TARGET_NAME)";
				SWIFT_VERSION = 4.0;
				TARGETED_DEVICE_FAMILY = "1,2";
			};
			name = Debug;
		};
		EF058E2E20CA0D1900AE1AC8 /* Release */ = {
			isa = XCBuildConfiguration;
			buildSettings = {
				ASSETCATALOG_COMPILER_APPICON_NAME = AppIcon;
				CODE_SIGN_STYLE = Automatic;
				DEVELOPMENT_TEAM = ZHNA975N38;
				INFOPLIST_FILE = ARQuoraDots/Info.plist;
				LD_RUNPATH_SEARCH_PATHS = (
					"$(inherited)",
					"@executable_path/Frameworks",
				);
				PRODUCT_BUNDLE_IDENTIFIER = com.andyron.ARQuoraDots;
				PRODUCT_NAME = "$(TARGET_NAME)";
				SWIFT_VERSION = 4.0;
				TARGETED_DEVICE_FAMILY = "1,2";
			};
			name = Release;
		};
/* End XCBuildConfiguration section */

/* Begin XCConfigurationList section */
		EF058E1520CA0D1700AE1AC8 /* Build configuration list for PBXProject "ARQuoraDots" */ = {
			isa = XCConfigurationList;
			buildConfigurations = (
				EF058E2A20CA0D1900AE1AC8 /* Debug */,
				EF058E2B20CA0D1900AE1AC8 /* Release */,
			);
			defaultConfigurationIsVisible = 0;
			defaultConfigurationName = Release;
		};
		EF058E2C20CA0D1900AE1AC8 /* Build configuration list for PBXNativeTarget "ARQuoraDots" */ = {
			isa = XCConfigurationList;
			buildConfigurations = (
				EF058E2D20CA0D1900AE1AC8 /* Debug */,
				EF058E2E20CA0D1900AE1AC8 /* Release */,
			);
			defaultConfigurationIsVisible = 0;
			defaultConfigurationName = Release;
		};
/* End XCConfigurationList section */
	};
	rootObject = EF058E1220CA0D1700AE1AC8 /* Project object */;
}
