// !$*UTF8*$!
{
	archiveVersion = 1;
	classes = {
	};
	objectVersion = 46;
	objects = {

/* Begin PBXBuildFile section */
		EF2B2B8C1EFC30EE009714FC /* AppDelegate.swift in Sources */ = {isa = PBXBuildFile; fileRef = EF2B2B8B1EFC30EE009714FC /* AppDelegate.swift */; };
		EF2B2B8E1EFC30EE009714FC /* ViewController.swift in Sources */ = {isa = PBXBuildFile; fileRef = EF2B2B8D1EFC30EE009714FC /* ViewController.swift */; };
		EF2B2B911EFC30EE009714FC /* Main.storyboard in Resources */ = {isa = PBXBuildFile; fileRef = EF2B2B8F1EFC30EE009714FC /* Main.storyboard */; };
		EF2B2B931EFC30EE009714FC /* Assets.xcassets in Resources */ = {isa = PBXBuildFile; fileRef = EF2B2B921EFC30EE009714FC /* Assets.xcassets */; };
		EF2B2B961EFC30EE009714FC /* LaunchScreen.storyboard in Resources */ = {isa = PBXBuildFile; fileRef = EF2B2B941EFC30EE009714FC /* LaunchScreen.storyboard */; };
/* End PBXBuildFile section */

/* Begin PBXFileReference section */
		EF2B2B881EFC30EE009714FC /* UIButtonDemo.app */ = {isa = PBXFileReference; explicitFileType = wrapper.application; includeInIndex = 0; path = UIButtonDemo.app; sourceTree = BUILT_PRODUCTS_DIR; };
		EF2B2B8B1EFC30EE009714FC /* AppDelegate.swift */ = {isa = PBXFileReference; lastKnownFileType = sourcecode.swift; path = AppDelegate.swift; sourceTree = "<group>"; };
		EF2B2B8D1EFC30EE009714FC /* ViewController.swift */ = {isa = PBXFileReference; lastKnownFileType = sourcecode.swift; path = ViewController.swift; sourceTree = "<group>"; };
		EF2B2B901EFC30EE009714FC /* Base */ = {isa = PBXFileReference; lastKnownFileType = file.storyboard; name = Base; path = Base.lproj/Main.storyboard; sourceTree = "<group>"; };
		EF2B2B921EFC30EE009714FC /* Assets.xcassets */ = {isa = PBXFileReference; lastKnownFileType = folder.assetcatalog; path = Assets.xcassets; sourceTree = "<group>"; };
		EF2B2B951EFC30EE009714FC /* Base */ = {isa = PBXFileReference; lastKnownFileType = file.storyboard; name = Base; path = Base.lproj/LaunchScreen.storyboard; sourceTree = "<group>"; };
		EF2B2B971EFC30EE009714FC /* Info.plist */ = {isa = PBXFileReference; lastKnownFileType = text.plist.xml; path = Info.plist; sourceTree = "<group>"; };
/* End PBXFileReference section */

/* Begin PBXFrameworksBuildPhase section */
		EF2B2B851EFC30EE009714FC /* Frameworks */ = {
			isa = PBXFrameworksBuildPhase;
			buildActionMask = 2147483647;
			files = (
			);
			runOnlyForDeploymentPostprocessing = 0;
		};
/* End PBXFrameworksBuildPhase section */

/* Begin PBXGroup section */
		EF2B2B7F1EFC30EE009714FC = {
			isa = PBXGroup;
			children = (
				EF2B2B8A1EFC30EE009714FC /* UIButtonDemo */,
				EF2B2B891EFC30EE009714FC /* Products */,
			);
			sourceTree = "<group>";
		};
		EF2B2B891EFC30EE009714FC /* Products */ = {
			isa = PBXGroup;
			children = (
				EF2B2B881EFC30EE009714FC /* UIButtonDemo.app */,
			);
			name = Products;
			sourceTree = "<group>";
		};
		EF2B2B8A1EFC30EE009714FC /* UIButtonDemo */ = {
			isa = PBXGroup;
			children = (
				EF2B2B8B1EFC30EE009714FC /* AppDelegate.swift */,
				EF2B2B8D1EFC30EE009714FC /* ViewController.swift */,
				EF2B2B8F1EFC30EE009714FC /* Main.storyboard */,
				EF2B2B921EFC30EE009714FC /* Assets.xcassets */,
				EF2B2B941EFC30EE009714FC /* LaunchScreen.storyboard */,
				EF2B2B971EFC30EE009714FC /* Info.plist */,
			);
			path = UIButtonDemo;
			sourceTree = "<group>";
		};
/* End PBXGroup section */

/* Begin PBXNativeTarget section */
		EF2B2B871EFC30EE009714FC /* UIButtonDemo */ = {
			isa = PBXNativeTarget;
			buildConfigurationList = EF2B2B9A1EFC30EE009714FC /* Build configuration list for PBXNativeTarget "UIButtonDemo" */;
			buildPhases = (
				EF2B2B841EFC30EE009714FC /* Sources */,
				EF2B2B851EFC30EE009714FC /* Frameworks */,
				EF2B2B861EFC30EE009714FC /* Resources */,
			);
			buildRules = (
			);
			dependencies = (
			);
			name = UIButtonDemo;
			productName = UIButtonDemo;
			productReference = EF2B2B881EFC30EE009714FC /* UIButtonDemo.app */;
			productType = "com.apple.product-type.application";
		};
/* End PBXNativeTarget section */

/* Begin PBXProject section */
		EF2B2B801EFC30EE009714FC /* Project object */ = {
			isa = PBXProject;
			attributes = {
				LastSwiftUpdateCheck = 0830;
				LastUpgradeCheck = 0830;
				ORGANIZATIONNAME = andyron;
				TargetAttributes = {
					EF2B2B871EFC30EE009714FC = {
						CreatedOnToolsVersion = 8.3.3;
						DevelopmentTeam = ZHNA975N38;
						ProvisioningStyle = Automatic;
					};
				};
			};
			buildConfigurationList = EF2B2B831EFC30EE009714FC /* Build configuration list for PBXProject "UIButtonDemo" */;
			compatibilityVersion = "Xcode 3.2";
			developmentRegion = English;
			hasScannedForEncodings = 0;
			knownRegions = (
				en,
				Base,
			);
			mainGroup = EF2B2B7F1EFC30EE009714FC;
			productRefGroup = EF2B2B891EFC30EE009714FC /* Products */;
			projectDirPath = "";
			projectRoot = "";
			targets = (
				EF2B2B871EFC30EE009714FC /* UIButtonDemo */,
			);
		};
/* End PBXProject section */

/* Begin PBXResourcesBuildPhase section */
		EF2B2B861EFC30EE009714FC /* Resources */ = {
			isa = PBXResourcesBuildPhase;
			buildActionMask = 2147483647;
			files = (
				EF2B2B961EFC30EE009714FC /* LaunchScreen.storyboard in Resources */,
				EF2B2B931EFC30EE009714FC /* Assets.xcassets in Resources */,
				EF2B2B911EFC30EE009714FC /* Main.storyboard in Resources */,
			);
			runOnlyForDeploymentPostprocessing = 0;
		};
/* End PBXResourcesBuildPhase section */

/* Begin PBXSourcesBuildPhase section */
		EF2B2B841EFC30EE009714FC /* Sources */ = {
			isa = PBXSourcesBuildPhase;
			buildActionMask = 2147483647;
			files = (
				EF2B2B8E1EFC30EE009714FC /* ViewController.swift in Sources */,
				EF2B2B8C1EFC30EE009714FC /* AppDelegate.swift in Sources */,
			);
			runOnlyForDeploymentPostprocessing = 0;
		};
/* End PBXSourcesBuildPhase section */

/* Begin PBXVariantGroup section */
		EF2B2B8F1EFC30EE009714FC /* Main.storyboard */ = {
			isa = PBXVariantGroup;
			children = (
				EF2B2B901EFC30EE009714FC /* Base */,
			);
			name = Main.storyboard;
			sourceTree = "<group>";
		};
		EF2B2B941EFC30EE009714FC /* LaunchScreen.storyboard */ = {
			isa = PBXVariantGroup;
			children = (
				EF2B2B951EFC30EE009714FC /* Base */,
			);
			name = LaunchScreen.storyboard;
			sourceTree = "<group>";
		};
/* End PBXVariantGroup section */

/* Begin XCBuildConfiguration section */
		EF2B2B981EFC30EE009714FC /* Debug */ = {
			isa = XCBuildConfiguration;
			buildSettings = {
				ALWAYS_SEARCH_USER_PATHS = NO;
				CLANG_ANALYZER_NONNULL = YES;
				CLANG_ANALYZER_NUMBER_OBJECT_CONVERSION = YES_AGGRESSIVE;
				CLANG_CXX_LANGUAGE_STANDARD = "gnu++0x";
				CLANG_CXX_LIBRARY = "libc++";
				CLANG_ENABLE_MODULES = YES;
				CLANG_ENABLE_OBJC_ARC = YES;
				CLANG_WARN_BOOL_CONVERSION = YES;
				CLANG_WARN_CONSTANT_CONVERSION = YES;
				CLANG_WARN_DIRECT_OBJC_ISA_USAGE = YES_ERROR;
				CLANG_WARN_DOCUMENTATION_COMMENTS = YES;
				CLANG_WARN_EMPTY_BODY = YES;
				CLANG_WARN_ENUM_CONVERSION = YES;
				CLANG_WARN_INFINITE_RECURSION = YES;
				CLANG_WARN_INT_CONVERSION = YES;
				CLANG_WARN_OBJC_ROOT_CLASS = YES_ERROR;
				CLANG_WARN_SUSPICIOUS_MOVE = YES;
				CLANG_WARN_UNREACHABLE_CODE = YES;
				CLANG_WARN__DUPLICATE_METHOD_MATCH = YES;
				"CODE_SIGN_IDENTITY[sdk=iphoneos*]" = "iPhone Developer";
				COPY_PHASE_STRIP = NO;
				DEBUG_INFORMATION_FORMAT = dwarf;
				ENABLE_STRICT_OBJC_MSGSEND = YES;
				ENABLE_TESTABILITY = YES;
				GCC_C_LANGUAGE_STANDARD = gnu99;
				GCC_DYNAMIC_NO_PIC = NO;
				GCC_NO_COMMON_BLOCKS = YES;
				GCC_OPTIMIZATION_LEVEL = 0;
				GCC_PREPROCESSOR_DEFINITIONS = (
					"DEBUG=1",
					"$(inherited)",
				);
				GCC_WARN_64_TO_32_BIT_CONVERSION = YES;
				GCC_WARN_ABOUT_RETURN_TYPE = YES_ERROR;
				GCC_WARN_UNDECLARED_SELECTOR = YES;
				GCC_WARN_UNINITIALIZED_AUTOS = YES_AGGRESSIVE;
				GCC_WARN_UNUSED_FUNCTION = YES;
				GCC_WARN_UNUSED_VARIABLE = YES;
				IPHONEOS_DEPLOYMENT_TARGET = 10.3;
				MTL_ENABLE_DEBUG_INFO = YES;
				ONLY_ACTIVE_ARCH = YES;
				SDKROOT = iphoneos;
				SWIFT_ACTIVE_COMPILATION_CONDITIONS = DEBUG;
				SWIFT_OPTIMIZATION_LEVEL = "-Onone";
			};
			name = Debug;
		};
		EF2B2B991EFC30EE009714FC /* Release */ = {
			isa = XCBuildConfiguration;
			buildSettings = {
				ALWAYS_SEARCH_USER_PATHS = NO;
				CLANG_ANALYZER_NONNULL = YES;
				CLANG_ANALYZER_NUMBER_OBJECT_CONVERSION = YES_AGGRESSIVE;
				CLANG_CXX_LANGUAGE_STANDARD = "gnu++0x";
				CLANG_CXX_LIBRARY = "libc++";
				CLANG_ENABLE_MODULES = YES;
				CLANG_ENABLE_OBJC_ARC = YES;
				CLANG_WARN_BOOL_CONVERSION = YES;
				CLANG_WARN_CONSTANT_CONVERSION = YES;
				CLANG_WARN_DIRECT_OBJC_ISA_USAGE = YES_ERROR;
				CLANG_WARN_DOCUMENTATION_COMMENTS = YES;
				CLANG_WARN_EMPTY_BODY = YES;
				CLANG_WARN_ENUM_CONVERSION = YES;
				CLANG_WARN_INFINITE_RECURSION = YES;
				CLANG_WARN_INT_CONVERSION = YES;
				CLANG_WARN_OBJC_ROOT_CLASS = YES_ERROR;
				CLANG_WARN_SUSPICIOUS_MOVE = YES;
				CLANG_WARN_UNREACHABLE_CODE = YES;
				CLANG_WARN__DUPLICATE_METHOD_MATCH = YES;
				"CODE_SIGN_IDENTITY[sdk=iphoneos*]" = "iPhone Developer";
				COPY_PHASE_STRIP = NO;
				DEBUG_INFORMATION_FORMAT = "dwarf-with-dsym";
				ENABLE_NS_ASSERTIONS = NO;
				ENABLE_STRICT_OBJC_MSGSEND = YES;
				GCC_C_LANGUAGE_STANDARD = gnu99;
				GCC_NO_COMMON_BLOCKS = YES;
				GCC_WARN_64_TO_32_BIT_CONVERSION = YES;
				GCC_WARN_ABOUT_RETURN_TYPE = YES_ERROR;
				GCC_WARN_UNDECLARED_SELECTOR = YES;
				GCC_WARN_UNINITIALIZED_AUTOS = YES_AGGRESSIVE;
				GCC_WARN_UNUSED_FUNCTION = YES;
				GCC_WARN_UNUSED_VARIABLE = YES;
				IPHONEOS_DEPLOYMENT_TARGET = 10.3;
				MTL_ENABLE_DEBUG_INFO = NO;
				SDKROOT = iphoneos;
				SWIFT_OPTIMIZATION_LEVEL = "-Owholemodule";
				VALIDATE_PRODUCT = YES;
			};
			name = Release;
		};
		EF2B2B9B1EFC30EE009714FC /* Debug */ = {
			isa = XCBuildConfiguration;
			buildSettings = {
				ASSETCATALOG_COMPILER_APPICON_NAME = AppIcon;
				DEVELOPMENT_TEAM = ZHNA975N38;
				INFOPLIST_FILE = UIButtonDemo/Info.plist;
				LD_RUNPATH_SEARCH_PATHS = "$(inherited) @executable_path/Frameworks";
				PRODUCT_BUNDLE_IDENTIFIER = cn.andyron.UIButtonDemo;
				PRODUCT_NAME = "$(TARGET_NAME)";
				SWIFT_VERSION = 3.0;
			};
			name = Debug;
		};
		EF2B2B9C1EFC30EE009714FC /* Release */ = {
			isa = XCBuildConfiguration;
			buildSettings = {
				ASSETCATALOG_COMPILER_APPICON_NAME = AppIcon;
				DEVELOPMENT_TEAM = ZHNA975N38;
				INFOPLIST_FILE = UIButtonDemo/Info.plist;
				LD_RUNPATH_SEARCH_PATHS = "$(inherited) @executable_path/Frameworks";
				PRODUCT_BUNDLE_IDENTIFIER = cn.andyron.UIButtonDemo;
				PRODUCT_NAME = "$(TARGET_NAME)";
				SWIFT_VERSION = 3.0;
			};
			name = Release;
		};
/* End XCBuildConfiguration section */

/* Begin XCConfigurationList section */
		EF2B2B831EFC30EE009714FC /* Build configuration list for PBXProject "UIButtonDemo" */ = {
			isa = XCConfigurationList;
			buildConfigurations = (
				EF2B2B981EFC30EE009714FC /* Debug */,
				EF2B2B991EFC30EE009714FC /* Release */,
			);
			defaultConfigurationIsVisible = 0;
			defaultConfigurationName = Release;
		};
		EF2B2B9A1EFC30EE009714FC /* Build configuration list for PBXNativeTarget "UIButtonDemo" */ = {
			isa = XCConfigurationList;
			buildConfigurations = (
				EF2B2B9B1EFC30EE009714FC /* Debug */,
				EF2B2B9C1EFC30EE009714FC /* Release */,
			);
			defaultConfigurationIsVisible = 0;
		};
/* End XCConfigurationList section */
	};
	rootObject = EF2B2B801EFC30EE009714FC /* Project object */;
}
