// !$*UTF8*$!
{
	archiveVersion = 1;
	classes = {
	};
	objectVersion = 46;
	objects = {

/* Begin PBXBuildFile section */
		EFB003861EF8B8B800E22204 /* AppDelegate.swift in Sources */ = {isa = PBXBuildFile; fileRef = EFB003851EF8B8B800E22204 /* AppDelegate.swift */; };
		EFB003881EF8B8B800E22204 /* ViewController.swift in Sources */ = {isa = PBXBuildFile; fileRef = EFB003871EF8B8B800E22204 /* ViewController.swift */; };
		EFB0038B1EF8B8B800E22204 /* Main.storyboard in Resources */ = {isa = PBXBuildFile; fileRef = EFB003891EF8B8B800E22204 /* Main.storyboard */; };
		EFB0038D1EF8B8B800E22204 /* Assets.xcassets in Resources */ = {isa = PBXBuildFile; fileRef = EFB0038C1EF8B8B800E22204 /* Assets.xcassets */; };
		EFB003901EF8B8B800E22204 /* LaunchScreen.storyboard in Resources */ = {isa = PBXBuildFile; fileRef = EFB0038E1EF8B8B800E22204 /* LaunchScreen.storyboard */; };
/* End PBXBuildFile section */

/* Begin PBXFileReference section */
		EFB003821EF8B8B800E22204 /* UILabelDemo.app */ = {isa = PBXFileReference; explicitFileType = wrapper.application; includeInIndex = 0; path = UILabelDemo.app; sourceTree = BUILT_PRODUCTS_DIR; };
		EFB003851EF8B8B800E22204 /* AppDelegate.swift */ = {isa = PBXFileReference; lastKnownFileType = sourcecode.swift; path = AppDelegate.swift; sourceTree = "<group>"; };
		EFB003871EF8B8B800E22204 /* ViewController.swift */ = {isa = PBXFileReference; lastKnownFileType = sourcecode.swift; path = ViewController.swift; sourceTree = "<group>"; };
		EFB0038A1EF8B8B800E22204 /* Base */ = {isa = PBXFileReference; lastKnownFileType = file.storyboard; name = Base; path = Base.lproj/Main.storyboard; sourceTree = "<group>"; };
		EFB0038C1EF8B8B800E22204 /* Assets.xcassets */ = {isa = PBXFileReference; lastKnownFileType = folder.assetcatalog; path = Assets.xcassets; sourceTree = "<group>"; };
		EFB0038F1EF8B8B800E22204 /* Base */ = {isa = PBXFileReference; lastKnownFileType = file.storyboard; name = Base; path = Base.lproj/LaunchScreen.storyboard; sourceTree = "<group>"; };
		EFB003911EF8B8B800E22204 /* Info.plist */ = {isa = PBXFileReference; lastKnownFileType = text.plist.xml; path = Info.plist; sourceTree = "<group>"; };
/* End PBXFileReference section */

/* Begin PBXFrameworksBuildPhase section */
		EFB0037F1EF8B8B800E22204 /* Frameworks */ = {
			isa = PBXFrameworksBuildPhase;
			buildActionMask = 2147483647;
			files = (
			);
			runOnlyForDeploymentPostprocessing = 0;
		};
/* End PBXFrameworksBuildPhase section */

/* Begin PBXGroup section */
		EFB003791EF8B8B800E22204 = {
			isa = PBXGroup;
			children = (
				EFB003841EF8B8B800E22204 /* UILabelDemo */,
				EFB003831EF8B8B800E22204 /* Products */,
			);
			sourceTree = "<group>";
		};
		EFB003831EF8B8B800E22204 /* Products */ = {
			isa = PBXGroup;
			children = (
				EFB003821EF8B8B800E22204 /* UILabelDemo.app */,
			);
			name = Products;
			sourceTree = "<group>";
		};
		EFB003841EF8B8B800E22204 /* UILabelDemo */ = {
			isa = PBXGroup;
			children = (
				EFB003851EF8B8B800E22204 /* AppDelegate.swift */,
				EFB003871EF8B8B800E22204 /* ViewController.swift */,
				EFB003891EF8B8B800E22204 /* Main.storyboard */,
				EFB0038C1EF8B8B800E22204 /* Assets.xcassets */,
				EFB0038E1EF8B8B800E22204 /* LaunchScreen.storyboard */,
				EFB003911EF8B8B800E22204 /* Info.plist */,
			);
			path = UILabelDemo;
			sourceTree = "<group>";
		};
/* End PBXGroup section */

/* Begin PBXNativeTarget section */
		EFB003811EF8B8B800E22204 /* UILabelDemo */ = {
			isa = PBXNativeTarget;
			buildConfigurationList = EFB003941EF8B8B800E22204 /* Build configuration list for PBXNativeTarget "UILabelDemo" */;
			buildPhases = (
				EFB0037E1EF8B8B800E22204 /* Sources */,
				EFB0037F1EF8B8B800E22204 /* Frameworks */,
				EFB003801EF8B8B800E22204 /* Resources */,
			);
			buildRules = (
			);
			dependencies = (
			);
			name = UILabelDemo;
			productName = UILabelDemo;
			productReference = EFB003821EF8B8B800E22204 /* UILabelDemo.app */;
			productType = "com.apple.product-type.application";
		};
/* End PBXNativeTarget section */

/* Begin PBXProject section */
		EFB0037A1EF8B8B800E22204 /* Project object */ = {
			isa = PBXProject;
			attributes = {
				LastSwiftUpdateCheck = 0830;
				LastUpgradeCheck = 0830;
				ORGANIZATIONNAME = andyron;
				TargetAttributes = {
					EFB003811EF8B8B800E22204 = {
						CreatedOnToolsVersion = 8.3.3;
						DevelopmentTeam = ZHNA975N38;
						ProvisioningStyle = Automatic;
					};
				};
			};
			buildConfigurationList = EFB0037D1EF8B8B800E22204 /* Build configuration list for PBXProject "UILabelDemo" */;
			compatibilityVersion = "Xcode 3.2";
			developmentRegion = English;
			hasScannedForEncodings = 0;
			knownRegions = (
				en,
				Base,
			);
			mainGroup = EFB003791EF8B8B800E22204;
			productRefGroup = EFB003831EF8B8B800E22204 /* Products */;
			projectDirPath = "";
			projectRoot = "";
			targets = (
				EFB003811EF8B8B800E22204 /* UILabelDemo */,
			);
		};
/* End PBXProject section */

/* Begin PBXResourcesBuildPhase section */
		EFB003801EF8B8B800E22204 /* Resources */ = {
			isa = PBXResourcesBuildPhase;
			buildActionMask = 2147483647;
			files = (
				EFB003901EF8B8B800E22204 /* LaunchScreen.storyboard in Resources */,
				EFB0038D1EF8B8B800E22204 /* Assets.xcassets in Resources */,
				EFB0038B1EF8B8B800E22204 /* Main.storyboard in Resources */,
			);
			runOnlyForDeploymentPostprocessing = 0;
		};
/* End PBXResourcesBuildPhase section */

/* Begin PBXSourcesBuildPhase section */
		EFB0037E1EF8B8B800E22204 /* Sources */ = {
			isa = PBXSourcesBuildPhase;
			buildActionMask = 2147483647;
			files = (
				EFB003881EF8B8B800E22204 /* ViewController.swift in Sources */,
				EFB003861EF8B8B800E22204 /* AppDelegate.swift in Sources */,
			);
			runOnlyForDeploymentPostprocessing = 0;
		};
/* End PBXSourcesBuildPhase section */

/* Begin PBXVariantGroup section */
		EFB003891EF8B8B800E22204 /* Main.storyboard */ = {
			isa = PBXVariantGroup;
			children = (
				EFB0038A1EF8B8B800E22204 /* Base */,
			);
			name = Main.storyboard;
			sourceTree = "<group>";
		};
		EFB0038E1EF8B8B800E22204 /* LaunchScreen.storyboard */ = {
			isa = PBXVariantGroup;
			children = (
				EFB0038F1EF8B8B800E22204 /* Base */,
			);
			name = LaunchScreen.storyboard;
			sourceTree = "<group>";
		};
/* End PBXVariantGroup section */

/* Begin XCBuildConfiguration section */
		EFB003921EF8B8B800E22204 /* Debug */ = {
			isa = XCBuildConfiguration;
			buildSettings = {
				ALWAYS_SEARCH_USER_PATHS = NO;
				CLANG_ANALYZER_NONNULL = YES;
				CLANG_ANALYZER_NUMBER_OBJECT_CONVERSION = YES_AGGRESSIVE;
				CLANG_CXX_LANGUAGE_STANDARD = "gnu++0x";
				CLANG_CXX_LIBRARY = "libc++";
				CLANG_ENABLE_MODULES = YES;
				CLANG_ENABLE_OBJC_ARC = YES;
				CLANG_WARN_BOOL_CONVERSION = YES;
				CLANG_WARN_CONSTANT_CONVERSION = YES;
				CLANG_WARN_DIRECT_OBJC_ISA_USAGE = YES_ERROR;
				CLANG_WARN_DOCUMENTATION_COMMENTS = YES;
				CLANG_WARN_EMPTY_BODY = YES;
				CLANG_WARN_ENUM_CONVERSION = YES;
				CLANG_WARN_INFINITE_RECURSION = YES;
				CLANG_WARN_INT_CONVERSION = YES;
				CLANG_WARN_OBJC_ROOT_CLASS = YES_ERROR;
				CLANG_WARN_SUSPICIOUS_MOVE = YES;
				CLANG_WARN_UNREACHABLE_CODE = YES;
				CLANG_WARN__DUPLICATE_METHOD_MATCH = YES;
				"CODE_SIGN_IDENTITY[sdk=iphoneos*]" = "iPhone Developer";
				COPY_PHASE_STRIP = NO;
				DEBUG_INFORMATION_FORMAT = dwarf;
				ENABLE_STRICT_OBJC_MSGSEND = YES;
				ENABLE_TESTABILITY = YES;
				GCC_C_LANGUAGE_STANDARD = gnu99;
				GCC_DYNAMIC_NO_PIC = NO;
				GCC_NO_COMMON_BLOCKS = YES;
				GCC_OPTIMIZATION_LEVEL = 0;
				GCC_PREPROCESSOR_DEFINITIONS = (
					"DEBUG=1",
					"$(inherited)",
				);
				GCC_WARN_64_TO_32_BIT_CONVERSION = YES;
				GCC_WARN_ABOUT_RETURN_TYPE = YES_ERROR;
				GCC_WARN_UNDECLARED_SELECTOR = YES;
				GCC_WARN_UNINITIALIZED_AUTOS = YES_AGGRESSIVE;
				GCC_WARN_UNUSED_FUNCTION = YES;
				GCC_WARN_UNUSED_VARIABLE = YES;
				IPHONEOS_DEPLOYMENT_TARGET = 10.3;
				MTL_ENABLE_DEBUG_INFO = YES;
				ONLY_ACTIVE_ARCH = YES;
				SDKROOT = iphoneos;
				SWIFT_ACTIVE_COMPILATION_CONDITIONS = DEBUG;
				SWIFT_OPTIMIZATION_LEVEL = "-Onone";
			};
			name = Debug;
		};
		EFB003931EF8B8B800E22204 /* Release */ = {
			isa = XCBuildConfiguration;
			buildSettings = {
				ALWAYS_SEARCH_USER_PATHS = NO;
				CLANG_ANALYZER_NONNULL = YES;
				CLANG_ANALYZER_NUMBER_OBJECT_CONVERSION = YES_AGGRESSIVE;
				CLANG_CXX_LANGUAGE_STANDARD = "gnu++0x";
				CLANG_CXX_LIBRARY = "libc++";
				CLANG_ENABLE_MODULES = YES;
				CLANG_ENABLE_OBJC_ARC = YES;
				CLANG_WARN_BOOL_CONVERSION = YES;
				CLANG_WARN_CONSTANT_CONVERSION = YES;
				CLANG_WARN_DIRECT_OBJC_ISA_USAGE = YES_ERROR;
				CLANG_WARN_DOCUMENTATION_COMMENTS = YES;
				CLANG_WARN_EMPTY_BODY = YES;
				CLANG_WARN_ENUM_CONVERSION = YES;
				CLANG_WARN_INFINITE_RECURSION = YES;
				CLANG_WARN_INT_CONVERSION = YES;
				CLANG_WARN_OBJC_ROOT_CLASS = YES_ERROR;
				CLANG_WARN_SUSPICIOUS_MOVE = YES;
				CLANG_WARN_UNREACHABLE_CODE = YES;
				CLANG_WARN__DUPLICATE_METHOD_MATCH = YES;
				"CODE_SIGN_IDENTITY[sdk=iphoneos*]" = "iPhone Developer";
				COPY_PHASE_STRIP = NO;
				DEBUG_INFORMATION_FORMAT = "dwarf-with-dsym";
				ENABLE_NS_ASSERTIONS = NO;
				ENABLE_STRICT_OBJC_MSGSEND = YES;
				GCC_C_LANGUAGE_STANDARD = gnu99;
				GCC_NO_COMMON_BLOCKS = YES;
				GCC_WARN_64_TO_32_BIT_CONVERSION = YES;
				GCC_WARN_ABOUT_RETURN_TYPE = YES_ERROR;
				GCC_WARN_UNDECLARED_SELECTOR = YES;
				GCC_WARN_UNINITIALIZED_AUTOS = YES_AGGRESSIVE;
				GCC_WARN_UNUSED_FUNCTION = YES;
				GCC_WARN_UNUSED_VARIABLE = YES;
				IPHONEOS_DEPLOYMENT_TARGET = 10.3;
				MTL_ENABLE_DEBUG_INFO = NO;
				SDKROOT = iphoneos;
				SWIFT_OPTIMIZATION_LEVEL = "-Owholemodule";
				VALIDATE_PRODUCT = YES;
			};
			name = Release;
		};
		EFB003951EF8B8B800E22204 /* Debug */ = {
			isa = XCBuildConfiguration;
			buildSettings = {
				ASSETCATALOG_COMPILER_APPICON_NAME = AppIcon;
				DEVELOPMENT_TEAM = ZHNA975N38;
				INFOPLIST_FILE = UILabelDemo/Info.plist;
				LD_RUNPATH_SEARCH_PATHS = "$(inherited) @executable_path/Frameworks";
				PRODUCT_BUNDLE_IDENTIFIER = cn.andyron.UILabelDemo;
				PRODUCT_NAME = "$(TARGET_NAME)";
				SWIFT_VERSION = 3.0;
			};
			name = Debug;
		};
		EFB003961EF8B8B800E22204 /* Release */ = {
			isa = XCBuildConfiguration;
			buildSettings = {
				ASSETCATALOG_COMPILER_APPICON_NAME = AppIcon;
				DEVELOPMENT_TEAM = ZHNA975N38;
				INFOPLIST_FILE = UILabelDemo/Info.plist;
				LD_RUNPATH_SEARCH_PATHS = "$(inherited) @executable_path/Frameworks";
				PRODUCT_BUNDLE_IDENTIFIER = cn.andyron.UILabelDemo;
				PRODUCT_NAME = "$(TARGET_NAME)";
				SWIFT_VERSION = 3.0;
			};
			name = Release;
		};
/* End XCBuildConfiguration section */

/* Begin XCConfigurationList section */
		EFB0037D1EF8B8B800E22204 /* Build configuration list for PBXProject "UILabelDemo" */ = {
			isa = XCConfigurationList;
			buildConfigurations = (
				EFB003921EF8B8B800E22204 /* Debug */,
				EFB003931EF8B8B800E22204 /* Release */,
			);
			defaultConfigurationIsVisible = 0;
			defaultConfigurationName = Release;
		};
		EFB003941EF8B8B800E22204 /* Build configuration list for PBXNativeTarget "UILabelDemo" */ = {
			isa = XCConfigurationList;
			buildConfigurations = (
				EFB003951EF8B8B800E22204 /* Debug */,
				EFB003961EF8B8B800E22204 /* Release */,
			);
			defaultConfigurationIsVisible = 0;
		};
/* End XCConfigurationList section */
	};
	rootObject = EFB0037A1EF8B8B800E22204 /* Project object */;
}
