// !$*UTF8*$!
{
	archiveVersion = 1;
	classes = {
	};
	objectVersion = 48;
	objects = {

/* Begin PBXBuildFile section */
		EFC3EE2F1F5B0710005AF381 /* AppDelegate.swift in Sources */ = {isa = PBXBuildFile; fileRef = EFC3EE2E1F5B0710005AF381 /* AppDelegate.swift */; };
		EFC3EE311F5B0710005AF381 /* ViewController.swift in Sources */ = {isa = PBXBuildFile; fileRef = EFC3EE301F5B0710005AF381 /* ViewController.swift */; };
		EFC3EE341F5B0710005AF381 /* Main.storyboard in Resources */ = {isa = PBXBuildFile; fileRef = EFC3EE321F5B0710005AF381 /* Main.storyboard */; };
		EFC3EE361F5B0710005AF381 /* Assets.xcassets in Resources */ = {isa = PBXBuildFile; fileRef = EFC3EE351F5B0710005AF381 /* Assets.xcassets */; };
		EFC3EE391F5B0710005AF381 /* LaunchScreen.storyboard in Resources */ = {isa = PBXBuildFile; fileRef = EFC3EE371F5B0710005AF381 /* LaunchScreen.storyboard */; };
/* End PBXBuildFile section */

/* Begin PBXFileReference section */
		EFC3EE2B1F5B0710005AF381 /* EmojiMachine.app */ = {isa = PBXFileReference; explicitFileType = wrapper.application; includeInIndex = 0; path = EmojiMachine.app; sourceTree = BUILT_PRODUCTS_DIR; };
		EFC3EE2E1F5B0710005AF381 /* AppDelegate.swift */ = {isa = PBXFileReference; lastKnownFileType = sourcecode.swift; path = AppDelegate.swift; sourceTree = "<group>"; };
		EFC3EE301F5B0710005AF381 /* ViewController.swift */ = {isa = PBXFileReference; lastKnownFileType = sourcecode.swift; path = ViewController.swift; sourceTree = "<group>"; };
		EFC3EE331F5B0710005AF381 /* Base */ = {isa = PBXFileReference; lastKnownFileType = file.storyboard; name = Base; path = Base.lproj/Main.storyboard; sourceTree = "<group>"; };
		EFC3EE351F5B0710005AF381 /* Assets.xcassets */ = {isa = PBXFileReference; lastKnownFileType = folder.assetcatalog; path = Assets.xcassets; sourceTree = "<group>"; };
		EFC3EE381F5B0710005AF381 /* Base */ = {isa = PBXFileReference; lastKnownFileType = file.storyboard; name = Base; path = Base.lproj/LaunchScreen.storyboard; sourceTree = "<group>"; };
		EFC3EE3A1F5B0710005AF381 /* Info.plist */ = {isa = PBXFileReference; lastKnownFileType = text.plist.xml; path = Info.plist; sourceTree = "<group>"; };
/* End PBXFileReference section */

/* Begin PBXFrameworksBuildPhase section */
		EFC3EE281F5B0710005AF381 /* Frameworks */ = {
			isa = PBXFrameworksBuildPhase;
			buildActionMask = 2147483647;
			files = (
			);
			runOnlyForDeploymentPostprocessing = 0;
		};
/* End PBXFrameworksBuildPhase section */

/* Begin PBXGroup section */
		EFC3EE221F5B0710005AF381 = {
			isa = PBXGroup;
			children = (
				EFC3EE2D1F5B0710005AF381 /* EmojiMachine */,
				EFC3EE2C1F5B0710005AF381 /* Products */,
			);
			sourceTree = "<group>";
		};
		EFC3EE2C1F5B0710005AF381 /* Products */ = {
			isa = PBXGroup;
			children = (
				EFC3EE2B1F5B0710005AF381 /* EmojiMachine.app */,
			);
			name = Products;
			sourceTree = "<group>";
		};
		EFC3EE2D1F5B0710005AF381 /* EmojiMachine */ = {
			isa = PBXGroup;
			children = (
				EFC3EE2E1F5B0710005AF381 /* AppDelegate.swift */,
				EFC3EE301F5B0710005AF381 /* ViewController.swift */,
				EFC3EE321F5B0710005AF381 /* Main.storyboard */,
				EFC3EE351F5B0710005AF381 /* Assets.xcassets */,
				EFC3EE371F5B0710005AF381 /* LaunchScreen.storyboard */,
				EFC3EE3A1F5B0710005AF381 /* Info.plist */,
			);
			path = EmojiMachine;
			sourceTree = "<group>";
		};
/* End PBXGroup section */

/* Begin PBXNativeTarget section */
		EFC3EE2A1F5B0710005AF381 /* EmojiMachine */ = {
			isa = PBXNativeTarget;
			buildConfigurationList = EFC3EE3D1F5B0710005AF381 /* Build configuration list for PBXNativeTarget "EmojiMachine" */;
			buildPhases = (
				EFC3EE271F5B0710005AF381 /* Sources */,
				EFC3EE281F5B0710005AF381 /* Frameworks */,
				EFC3EE291F5B0710005AF381 /* Resources */,
			);
			buildRules = (
			);
			dependencies = (
			);
			name = EmojiMachine;
			productName = EmojiMachine;
			productReference = EFC3EE2B1F5B0710005AF381 /* EmojiMachine.app */;
			productType = "com.apple.product-type.application";
		};
/* End PBXNativeTarget section */

/* Begin PBXProject section */
		EFC3EE231F5B0710005AF381 /* Project object */ = {
			isa = PBXProject;
			attributes = {
				LastSwiftUpdateCheck = 0900;
				LastUpgradeCheck = 0900;
				ORGANIZATIONNAME = andyron;
				TargetAttributes = {
					EFC3EE2A1F5B0710005AF381 = {
						CreatedOnToolsVersion = 9.0;
					};
				};
			};
			buildConfigurationList = EFC3EE261F5B0710005AF381 /* Build configuration list for PBXProject "EmojiMachine" */;
			compatibilityVersion = "Xcode 8.0";
			developmentRegion = en;
			hasScannedForEncodings = 0;
			knownRegions = (
				en,
				Base,
			);
			mainGroup = EFC3EE221F5B0710005AF381;
			productRefGroup = EFC3EE2C1F5B0710005AF381 /* Products */;
			projectDirPath = "";
			projectRoot = "";
			targets = (
				EFC3EE2A1F5B0710005AF381 /* EmojiMachine */,
			);
		};
/* End PBXProject section */

/* Begin PBXResourcesBuildPhase section */
		EFC3EE291F5B0710005AF381 /* Resources */ = {
			isa = PBXResourcesBuildPhase;
			buildActionMask = 2147483647;
			files = (
				EFC3EE391F5B0710005AF381 /* LaunchScreen.storyboard in Resources */,
				EFC3EE361F5B0710005AF381 /* Assets.xcassets in Resources */,
				EFC3EE341F5B0710005AF381 /* Main.storyboard in Resources */,
			);
			runOnlyForDeploymentPostprocessing = 0;
		};
/* End PBXResourcesBuildPhase section */

/* Begin PBXSourcesBuildPhase section */
		EFC3EE271F5B0710005AF381 /* Sources */ = {
			isa = PBXSourcesBuildPhase;
			buildActionMask = 2147483647;
			files = (
				EFC3EE311F5B0710005AF381 /* ViewController.swift in Sources */,
				EFC3EE2F1F5B0710005AF381 /* AppDelegate.swift in Sources */,
			);
			runOnlyForDeploymentPostprocessing = 0;
		};
/* End PBXSourcesBuildPhase section */

/* Begin PBXVariantGroup section */
		EFC3EE321F5B0710005AF381 /* Main.storyboard */ = {
			isa = PBXVariantGroup;
			children = (
				EFC3EE331F5B0710005AF381 /* Base */,
			);
			name = Main.storyboard;
			sourceTree = "<group>";
		};
		EFC3EE371F5B0710005AF381 /* LaunchScreen.storyboard */ = {
			isa = PBXVariantGroup;
			children = (
				EFC3EE381F5B0710005AF381 /* Base */,
			);
			name = LaunchScreen.storyboard;
			sourceTree = "<group>";
		};
/* End PBXVariantGroup section */

/* Begin XCBuildConfiguration section */
		EFC3EE3B1F5B0710005AF381 /* Debug */ = {
			isa = XCBuildConfiguration;
			buildSettings = {
				ALWAYS_SEARCH_USER_PATHS = NO;
				CLANG_ANALYZER_NONNULL = YES;
				CLANG_ANALYZER_NUMBER_OBJECT_CONVERSION = YES_AGGRESSIVE;
				CLANG_CXX_LANGUAGE_STANDARD = "gnu++14";
				CLANG_CXX_LIBRARY = "libc++";
				CLANG_ENABLE_MODULES = YES;
				CLANG_ENABLE_OBJC_ARC = YES;
				CLANG_WARN_BLOCK_CAPTURE_AUTORELEASING = YES;
				CLANG_WARN_BOOL_CONVERSION = YES;
				CLANG_WARN_COMMA = YES;
				CLANG_WARN_CONSTANT_CONVERSION = YES;
				CLANG_WARN_DIRECT_OBJC_ISA_USAGE = YES_ERROR;
				CLANG_WARN_DOCUMENTATION_COMMENTS = YES;
				CLANG_WARN_EMPTY_BODY = YES;
				CLANG_WARN_ENUM_CONVERSION = YES;
				CLANG_WARN_INFINITE_RECURSION = YES;
				CLANG_WARN_INT_CONVERSION = YES;
				CLANG_WARN_OBJC_ROOT_CLASS = YES_ERROR;
				CLANG_WARN_RANGE_LOOP_ANALYSIS = YES;
				CLANG_WARN_STRICT_PROTOTYPES = YES;
				CLANG_WARN_SUSPICIOUS_MOVE = YES;
				CLANG_WARN_UNGUARDED_AVAILABILITY = YES_AGGRESSIVE;
				CLANG_WARN_UNREACHABLE_CODE = YES;
				CLANG_WARN__DUPLICATE_METHOD_MATCH = YES;
				CODE_SIGN_IDENTITY = "iPhone Developer";
				COPY_PHASE_STRIP = NO;
				DEBUG_INFORMATION_FORMAT = dwarf;
				ENABLE_STRICT_OBJC_MSGSEND = YES;
				ENABLE_TESTABILITY = YES;
				GCC_C_LANGUAGE_STANDARD = gnu11;
				GCC_DYNAMIC_NO_PIC = NO;
				GCC_NO_COMMON_BLOCKS = YES;
				GCC_OPTIMIZATION_LEVEL = 0;
				GCC_PREPROCESSOR_DEFINITIONS = (
					"DEBUG=1",
					"$(inherited)",
				);
				GCC_WARN_64_TO_32_BIT_CONVERSION = YES;
				GCC_WARN_ABOUT_RETURN_TYPE = YES_ERROR;
				GCC_WARN_UNDECLARED_SELECTOR = YES;
				GCC_WARN_UNINITIALIZED_AUTOS = YES_AGGRESSIVE;
				GCC_WARN_UNUSED_FUNCTION = YES;
				GCC_WARN_UNUSED_VARIABLE = YES;
				IPHONEOS_DEPLOYMENT_TARGET = 11.0;
				MTL_ENABLE_DEBUG_INFO = YES;
				ONLY_ACTIVE_ARCH = YES;
				SDKROOT = iphoneos;
				SWIFT_ACTIVE_COMPILATION_CONDITIONS = DEBUG;
				SWIFT_OPTIMIZATION_LEVEL = "-Onone";
			};
			name = Debug;
		};
		EFC3EE3C1F5B0710005AF381 /* Release */ = {
			isa = XCBuildConfiguration;
			buildSettings = {
				ALWAYS_SEARCH_USER_PATHS = NO;
				CLANG_ANALYZER_NONNULL = YES;
				CLANG_ANALYZER_NUMBER_OBJECT_CONVERSION = YES_AGGRESSIVE;
				CLANG_CXX_LANGUAGE_STANDARD = "gnu++14";
				CLANG_CXX_LIBRARY = "libc++";
				CLANG_ENABLE_MODULES = YES;
				CLANG_ENABLE_OBJC_ARC = YES;
				CLANG_WARN_BLOCK_CAPTURE_AUTORELEASING = YES;
				CLANG_WARN_BOOL_CONVERSION = YES;
				CLANG_WARN_COMMA = YES;
				CLANG_WARN_CONSTANT_CONVERSION = YES;
				CLANG_WARN_DIRECT_OBJC_ISA_USAGE = YES_ERROR;
				CLANG_WARN_DOCUMENTATION_COMMENTS = YES;
				CLANG_WARN_EMPTY_BODY = YES;
				CLANG_WARN_ENUM_CONVERSION = YES;
				CLANG_WARN_INFINITE_RECURSION = YES;
				CLANG_WARN_INT_CONVERSION = YES;
				CLANG_WARN_OBJC_ROOT_CLASS = YES_ERROR;
				CLANG_WARN_RANGE_LOOP_ANALYSIS = YES;
				CLANG_WARN_STRICT_PROTOTYPES = YES;
				CLANG_WARN_SUSPICIOUS_MOVE = YES;
				CLANG_WARN_UNGUARDED_AVAILABILITY = YES_AGGRESSIVE;
				CLANG_WARN_UNREACHABLE_CODE = YES;
				CLANG_WARN__DUPLICATE_METHOD_MATCH = YES;
				CODE_SIGN_IDENTITY = "iPhone Developer";
				COPY_PHASE_STRIP = NO;
				DEBUG_INFORMATION_FORMAT = "dwarf-with-dsym";
				ENABLE_NS_ASSERTIONS = NO;
				ENABLE_STRICT_OBJC_MSGSEND = YES;
				GCC_C_LANGUAGE_STANDARD = gnu11;
				GCC_NO_COMMON_BLOCKS = YES;
				GCC_WARN_64_TO_32_BIT_CONVERSION = YES;
				GCC_WARN_ABOUT_RETURN_TYPE = YES_ERROR;
				GCC_WARN_UNDECLARED_SELECTOR = YES;
				GCC_WARN_UNINITIALIZED_AUTOS = YES_AGGRESSIVE;
				GCC_WARN_UNUSED_FUNCTION = YES;
				GCC_WARN_UNUSED_VARIABLE = YES;
				IPHONEOS_DEPLOYMENT_TARGET = 11.0;
				MTL_ENABLE_DEBUG_INFO = NO;
				SDKROOT = iphoneos;
				SWIFT_OPTIMIZATION_LEVEL = "-Owholemodule";
				VALIDATE_PRODUCT = YES;
			};
			name = Release;
		};
		EFC3EE3E1F5B0710005AF381 /* Debug */ = {
			isa = XCBuildConfiguration;
			buildSettings = {
				ASSETCATALOG_COMPILER_APPICON_NAME = AppIcon;
				DEVELOPMENT_TEAM = ZHNA975N38;
				INFOPLIST_FILE = EmojiMachine/Info.plist;
				LD_RUNPATH_SEARCH_PATHS = "$(inherited) @executable_path/Frameworks";
				PRODUCT_BUNDLE_IDENTIFIER = com.andyron.EmojiMachine;
				PRODUCT_NAME = "$(TARGET_NAME)";
				SWIFT_VERSION = 4.0;
				TARGETED_DEVICE_FAMILY = "1,2";
			};
			name = Debug;
		};
		EFC3EE3F1F5B0710005AF381 /* Release */ = {
			isa = XCBuildConfiguration;
			buildSettings = {
				ASSETCATALOG_COMPILER_APPICON_NAME = AppIcon;
				DEVELOPMENT_TEAM = ZHNA975N38;
				INFOPLIST_FILE = EmojiMachine/Info.plist;
				LD_RUNPATH_SEARCH_PATHS = "$(inherited) @executable_path/Frameworks";
				PRODUCT_BUNDLE_IDENTIFIER = com.andyron.EmojiMachine;
				PRODUCT_NAME = "$(TARGET_NAME)";
				SWIFT_VERSION = 4.0;
				TARGETED_DEVICE_FAMILY = "1,2";
			};
			name = Release;
		};
/* End XCBuildConfiguration section */

/* Begin XCConfigurationList section */
		EFC3EE261F5B0710005AF381 /* Build configuration list for PBXProject "EmojiMachine" */ = {
			isa = XCConfigurationList;
			buildConfigurations = (
				EFC3EE3B1F5B0710005AF381 /* Debug */,
				EFC3EE3C1F5B0710005AF381 /* Release */,
			);
			defaultConfigurationIsVisible = 0;
			defaultConfigurationName = Release;
		};
		EFC3EE3D1F5B0710005AF381 /* Build configuration list for PBXNativeTarget "EmojiMachine" */ = {
			isa = XCConfigurationList;
			buildConfigurations = (
				EFC3EE3E1F5B0710005AF381 /* Debug */,
				EFC3EE3F1F5B0710005AF381 /* Release */,
			);
			defaultConfigurationIsVisible = 0;
		};
/* End XCConfigurationList section */
	};
	rootObject = EFC3EE231F5B0710005AF381 /* Project object */;
}
