// !$*UTF8*$!
{
	archiveVersion = 1;
	classes = {
	};
	objectVersion = 46;
	objects = {

/* Begin PBXBuildFile section */
		EFD93EDD1E7A757D00C6030E /* AppDelegate.swift in Sources */ = {isa = PBXBuildFile; fileRef = EFD93EDC1E7A757D00C6030E /* AppDelegate.swift */; };
		EFD93EDF1E7A757D00C6030E /* ViewController.swift in Sources */ = {isa = PBXBuildFile; fileRef = EFD93EDE1E7A757D00C6030E /* ViewController.swift */; };
		EFD93EE21E7A757D00C6030E /* Main.storyboard in Resources */ = {isa = PBXBuildFile; fileRef = EFD93EE01E7A757D00C6030E /* Main.storyboard */; };
		EFD93EE41E7A757D00C6030E /* Assets.xcassets in Resources */ = {isa = PBXBuildFile; fileRef = EFD93EE31E7A757D00C6030E /* Assets.xcassets */; };
		EFD93EE71E7A757D00C6030E /* LaunchScreen.storyboard in Resources */ = {isa = PBXBuildFile; fileRef = EFD93EE51E7A757D00C6030E /* LaunchScreen.storyboard */; };
/* End PBXBuildFile section */

/* Begin PBXFileReference section */
		EFD93ED91E7A757D00C6030E /* RequestingPermission.app */ = {isa = PBXFileReference; explicitFileType = wrapper.application; includeInIndex = 0; path = RequestingPermission.app; sourceTree = BUILT_PRODUCTS_DIR; };
		EFD93EDC1E7A757D00C6030E /* AppDelegate.swift */ = {isa = PBXFileReference; lastKnownFileType = sourcecode.swift; path = AppDelegate.swift; sourceTree = "<group>"; };
		EFD93EDE1E7A757D00C6030E /* ViewController.swift */ = {isa = PBXFileReference; lastKnownFileType = sourcecode.swift; path = ViewController.swift; sourceTree = "<group>"; };
		EFD93EE11E7A757D00C6030E /* Base */ = {isa = PBXFileReference; lastKnownFileType = file.storyboard; name = Base; path = Base.lproj/Main.storyboard; sourceTree = "<group>"; };
		EFD93EE31E7A757D00C6030E /* Assets.xcassets */ = {isa = PBXFileReference; lastKnownFileType = folder.assetcatalog; path = Assets.xcassets; sourceTree = "<group>"; };
		EFD93EE61E7A757D00C6030E /* Base */ = {isa = PBXFileReference; lastKnownFileType = file.storyboard; name = Base; path = Base.lproj/LaunchScreen.storyboard; sourceTree = "<group>"; };
		EFD93EE81E7A757D00C6030E /* Info.plist */ = {isa = PBXFileReference; lastKnownFileType = text.plist.xml; path = Info.plist; sourceTree = "<group>"; };
/* End PBXFileReference section */

/* Begin PBXFrameworksBuildPhase section */
		EFD93ED61E7A757D00C6030E /* Frameworks */ = {
			isa = PBXFrameworksBuildPhase;
			buildActionMask = 2147483647;
			files = (
			);
			runOnlyForDeploymentPostprocessing = 0;
		};
/* End PBXFrameworksBuildPhase section */

/* Begin PBXGroup section */
		EFD93ED01E7A757D00C6030E = {
			isa = PBXGroup;
			children = (
				EFD93EDB1E7A757D00C6030E /* RequestingPermission */,
				EFD93EDA1E7A757D00C6030E /* Products */,
			);
			sourceTree = "<group>";
		};
		EFD93EDA1E7A757D00C6030E /* Products */ = {
			isa = PBXGroup;
			children = (
				EFD93ED91E7A757D00C6030E /* RequestingPermission.app */,
			);
			name = Products;
			sourceTree = "<group>";
		};
		EFD93EDB1E7A757D00C6030E /* RequestingPermission */ = {
			isa = PBXGroup;
			children = (
				EFD93EDC1E7A757D00C6030E /* AppDelegate.swift */,
				EFD93EDE1E7A757D00C6030E /* ViewController.swift */,
				EFD93EE01E7A757D00C6030E /* Main.storyboard */,
				EFD93EE31E7A757D00C6030E /* Assets.xcassets */,
				EFD93EE51E7A757D00C6030E /* LaunchScreen.storyboard */,
				EFD93EE81E7A757D00C6030E /* Info.plist */,
			);
			path = RequestingPermission;
			sourceTree = "<group>";
		};
/* End PBXGroup section */

/* Begin PBXNativeTarget section */
		EFD93ED81E7A757D00C6030E /* RequestingPermission */ = {
			isa = PBXNativeTarget;
			buildConfigurationList = EFD93EEB1E7A757D00C6030E /* Build configuration list for PBXNativeTarget "RequestingPermission" */;
			buildPhases = (
				EFD93ED51E7A757D00C6030E /* Sources */,
				EFD93ED61E7A757D00C6030E /* Frameworks */,
				EFD93ED71E7A757D00C6030E /* Resources */,
			);
			buildRules = (
			);
			dependencies = (
			);
			name = RequestingPermission;
			productName = RequestingPermission;
			productReference = EFD93ED91E7A757D00C6030E /* RequestingPermission.app */;
			productType = "com.apple.product-type.application";
		};
/* End PBXNativeTarget section */

/* Begin PBXProject section */
		EFD93ED11E7A757D00C6030E /* Project object */ = {
			isa = PBXProject;
			attributes = {
				LastSwiftUpdateCheck = 0820;
				LastUpgradeCheck = 0820;
				ORGANIZATIONNAME = andyron;
				TargetAttributes = {
					EFD93ED81E7A757D00C6030E = {
						CreatedOnToolsVersion = 8.2.1;
						DevelopmentTeam = ZHNA975N38;
						ProvisioningStyle = Automatic;
					};
				};
			};
			buildConfigurationList = EFD93ED41E7A757D00C6030E /* Build configuration list for PBXProject "RequestingPermission" */;
			compatibilityVersion = "Xcode 3.2";
			developmentRegion = English;
			hasScannedForEncodings = 0;
			knownRegions = (
				en,
				Base,
			);
			mainGroup = EFD93ED01E7A757D00C6030E;
			productRefGroup = EFD93EDA1E7A757D00C6030E /* Products */;
			projectDirPath = "";
			projectRoot = "";
			targets = (
				EFD93ED81E7A757D00C6030E /* RequestingPermission */,
			);
		};
/* End PBXProject section */

/* Begin PBXResourcesBuildPhase section */
		EFD93ED71E7A757D00C6030E /* Resources */ = {
			isa = PBXResourcesBuildPhase;
			buildActionMask = 2147483647;
			files = (
				EFD93EE71E7A757D00C6030E /* LaunchScreen.storyboard in Resources */,
				EFD93EE41E7A757D00C6030E /* Assets.xcassets in Resources */,
				EFD93EE21E7A757D00C6030E /* Main.storyboard in Resources */,
			);
			runOnlyForDeploymentPostprocessing = 0;
		};
/* End PBXResourcesBuildPhase section */

/* Begin PBXSourcesBuildPhase section */
		EFD93ED51E7A757D00C6030E /* Sources */ = {
			isa = PBXSourcesBuildPhase;
			buildActionMask = 2147483647;
			files = (
				EFD93EDF1E7A757D00C6030E /* ViewController.swift in Sources */,
				EFD93EDD1E7A757D00C6030E /* AppDelegate.swift in Sources */,
			);
			runOnlyForDeploymentPostprocessing = 0;
		};
/* End PBXSourcesBuildPhase section */

/* Begin PBXVariantGroup section */
		EFD93EE01E7A757D00C6030E /* Main.storyboard */ = {
			isa = PBXVariantGroup;
			children = (
				EFD93EE11E7A757D00C6030E /* Base */,
			);
			name = Main.storyboard;
			sourceTree = "<group>";
		};
		EFD93EE51E7A757D00C6030E /* LaunchScreen.storyboard */ = {
			isa = PBXVariantGroup;
			children = (
				EFD93EE61E7A757D00C6030E /* Base */,
			);
			name = LaunchScreen.storyboard;
			sourceTree = "<group>";
		};
/* End PBXVariantGroup section */

/* Begin XCBuildConfiguration section */
		EFD93EE91E7A757D00C6030E /* Debug */ = {
			isa = XCBuildConfiguration;
			buildSettings = {
				ALWAYS_SEARCH_USER_PATHS = NO;
				CLANG_ANALYZER_NONNULL = YES;
				CLANG_CXX_LANGUAGE_STANDARD = "gnu++0x";
				CLANG_CXX_LIBRARY = "libc++";
				CLANG_ENABLE_MODULES = YES;
				CLANG_ENABLE_OBJC_ARC = YES;
				CLANG_WARN_BOOL_CONVERSION = YES;
				CLANG_WARN_CONSTANT_CONVERSION = YES;
				CLANG_WARN_DIRECT_OBJC_ISA_USAGE = YES_ERROR;
				CLANG_WARN_DOCUMENTATION_COMMENTS = YES;
				CLANG_WARN_EMPTY_BODY = YES;
				CLANG_WARN_ENUM_CONVERSION = YES;
				CLANG_WARN_INFINITE_RECURSION = YES;
				CLANG_WARN_INT_CONVERSION = YES;
				CLANG_WARN_OBJC_ROOT_CLASS = YES_ERROR;
				CLANG_WARN_SUSPICIOUS_MOVE = YES;
				CLANG_WARN_UNREACHABLE_CODE = YES;
				CLANG_WARN__DUPLICATE_METHOD_MATCH = YES;
				"CODE_SIGN_IDENTITY[sdk=iphoneos*]" = "iPhone Developer";
				COPY_PHASE_STRIP = NO;
				DEBUG_INFORMATION_FORMAT = dwarf;
				ENABLE_STRICT_OBJC_MSGSEND = YES;
				ENABLE_TESTABILITY = YES;
				GCC_C_LANGUAGE_STANDARD = gnu99;
				GCC_DYNAMIC_NO_PIC = NO;
				GCC_NO_COMMON_BLOCKS = YES;
				GCC_OPTIMIZATION_LEVEL = 0;
				GCC_PREPROCESSOR_DEFINITIONS = (
					"DEBUG=1",
					"$(inherited)",
				);
				GCC_WARN_64_TO_32_BIT_CONVERSION = YES;
				GCC_WARN_ABOUT_RETURN_TYPE = YES_ERROR;
				GCC_WARN_UNDECLARED_SELECTOR = YES;
				GCC_WARN_UNINITIALIZED_AUTOS = YES_AGGRESSIVE;
				GCC_WARN_UNUSED_FUNCTION = YES;
				GCC_WARN_UNUSED_VARIABLE = YES;
				IPHONEOS_DEPLOYMENT_TARGET = 10.2;
				MTL_ENABLE_DEBUG_INFO = YES;
				ONLY_ACTIVE_ARCH = YES;
				SDKROOT = iphoneos;
				SWIFT_ACTIVE_COMPILATION_CONDITIONS = DEBUG;
				SWIFT_OPTIMIZATION_LEVEL = "-Onone";
			};
			name = Debug;
		};
		EFD93EEA1E7A757D00C6030E /* Release */ = {
			isa = XCBuildConfiguration;
			buildSettings = {
				ALWAYS_SEARCH_USER_PATHS = NO;
				CLANG_ANALYZER_NONNULL = YES;
				CLANG_CXX_LANGUAGE_STANDARD = "gnu++0x";
				CLANG_CXX_LIBRARY = "libc++";
				CLANG_ENABLE_MODULES = YES;
				CLANG_ENABLE_OBJC_ARC = YES;
				CLANG_WARN_BOOL_CONVERSION = YES;
				CLANG_WARN_CONSTANT_CONVERSION = YES;
				CLANG_WARN_DIRECT_OBJC_ISA_USAGE = YES_ERROR;
				CLANG_WARN_DOCUMENTATION_COMMENTS = YES;
				CLANG_WARN_EMPTY_BODY = YES;
				CLANG_WARN_ENUM_CONVERSION = YES;
				CLANG_WARN_INFINITE_RECURSION = YES;
				CLANG_WARN_INT_CONVERSION = YES;
				CLANG_WARN_OBJC_ROOT_CLASS = YES_ERROR;
				CLANG_WARN_SUSPICIOUS_MOVE = YES;
				CLANG_WARN_UNREACHABLE_CODE = YES;
				CLANG_WARN__DUPLICATE_METHOD_MATCH = YES;
				"CODE_SIGN_IDENTITY[sdk=iphoneos*]" = "iPhone Developer";
				COPY_PHASE_STRIP = NO;
				DEBUG_INFORMATION_FORMAT = "dwarf-with-dsym";
				ENABLE_NS_ASSERTIONS = NO;
				ENABLE_STRICT_OBJC_MSGSEND = YES;
				GCC_C_LANGUAGE_STANDARD = gnu99;
				GCC_NO_COMMON_BLOCKS = YES;
				GCC_WARN_64_TO_32_BIT_CONVERSION = YES;
				GCC_WARN_ABOUT_RETURN_TYPE = YES_ERROR;
				GCC_WARN_UNDECLARED_SELECTOR = YES;
				GCC_WARN_UNINITIALIZED_AUTOS = YES_AGGRESSIVE;
				GCC_WARN_UNUSED_FUNCTION = YES;
				GCC_WARN_UNUSED_VARIABLE = YES;
				IPHONEOS_DEPLOYMENT_TARGET = 10.2;
				MTL_ENABLE_DEBUG_INFO = NO;
				SDKROOT = iphoneos;
				SWIFT_OPTIMIZATION_LEVEL = "-Owholemodule";
				VALIDATE_PRODUCT = YES;
			};
			name = Release;
		};
		EFD93EEC1E7A757D00C6030E /* Debug */ = {
			isa = XCBuildConfiguration;
			buildSettings = {
				ASSETCATALOG_COMPILER_APPICON_NAME = AppIcon;
				DEVELOPMENT_TEAM = ZHNA975N38;
				INFOPLIST_FILE = RequestingPermission/Info.plist;
				LD_RUNPATH_SEARCH_PATHS = "$(inherited) @executable_path/Frameworks";
				PRODUCT_BUNDLE_IDENTIFIER = cn.andyron.RequestingPermission;
				PRODUCT_NAME = "$(TARGET_NAME)";
				SWIFT_VERSION = 3.0;
			};
			name = Debug;
		};
		EFD93EED1E7A757D00C6030E /* Release */ = {
			isa = XCBuildConfiguration;
			buildSettings = {
				ASSETCATALOG_COMPILER_APPICON_NAME = AppIcon;
				DEVELOPMENT_TEAM = ZHNA975N38;
				INFOPLIST_FILE = RequestingPermission/Info.plist;
				LD_RUNPATH_SEARCH_PATHS = "$(inherited) @executable_path/Frameworks";
				PRODUCT_BUNDLE_IDENTIFIER = cn.andyron.RequestingPermission;
				PRODUCT_NAME = "$(TARGET_NAME)";
				SWIFT_VERSION = 3.0;
			};
			name = Release;
		};
/* End XCBuildConfiguration section */

/* Begin XCConfigurationList section */
		EFD93ED41E7A757D00C6030E /* Build configuration list for PBXProject "RequestingPermission" */ = {
			isa = XCConfigurationList;
			buildConfigurations = (
				EFD93EE91E7A757D00C6030E /* Debug */,
				EFD93EEA1E7A757D00C6030E /* Release */,
			);
			defaultConfigurationIsVisible = 0;
			defaultConfigurationName = Release;
		};
		EFD93EEB1E7A757D00C6030E /* Build configuration list for PBXNativeTarget "RequestingPermission" */ = {
			isa = XCConfigurationList;
			buildConfigurations = (
				EFD93EEC1E7A757D00C6030E /* Debug */,
				EFD93EED1E7A757D00C6030E /* Release */,
			);
			defaultConfigurationIsVisible = 0;
		};
/* End XCConfigurationList section */
	};
	rootObject = EFD93ED11E7A757D00C6030E /* Project object */;
}
