// !$*UTF8*$!
{
	archiveVersion = 1;
	classes = {
	};
	objectVersion = 46;
	objects = {

/* Begin PBXBuildFile section */
		EF3982EA1E83BDB1002DA568 /* AppDelegate.swift in Sources */ = {isa = PBXBuildFile; fileRef = EF3982E91E83BDB1002DA568 /* AppDelegate.swift */; };
		EF3982EC1E83BDB1002DA568 /* ViewController.swift in Sources */ = {isa = PBXBuildFile; fileRef = EF3982EB1E83BDB1002DA568 /* ViewController.swift */; };
		EF3982EF1E83BDB1002DA568 /* Main.storyboard in Resources */ = {isa = PBXBuildFile; fileRef = EF3982ED1E83BDB1002DA568 /* Main.storyboard */; };
		EF3982F11E83BDB1002DA568 /* Assets.xcassets in Resources */ = {isa = PBXBuildFile; fileRef = EF3982F01E83BDB1002DA568 /* Assets.xcassets */; };
		EF3982F41E83BDB1002DA568 /* LaunchScreen.storyboard in Resources */ = {isa = PBXBuildFile; fileRef = EF3982F21E83BDB1002DA568 /* LaunchScreen.storyboard */; };
/* End PBXBuildFile section */

/* Begin PBXFileReference section */
		EF3982E61E83BDB1002DA568 /* BubbleTransitionDemo.app */ = {isa = PBXFileReference; explicitFileType = wrapper.application; includeInIndex = 0; path = BubbleTransitionDemo.app; sourceTree = BUILT_PRODUCTS_DIR; };
		EF3982E91E83BDB1002DA568 /* AppDelegate.swift */ = {isa = PBXFileReference; lastKnownFileType = sourcecode.swift; path = AppDelegate.swift; sourceTree = "<group>"; };
		EF3982EB1E83BDB1002DA568 /* ViewController.swift */ = {isa = PBXFileReference; lastKnownFileType = sourcecode.swift; path = ViewController.swift; sourceTree = "<group>"; };
		EF3982EE1E83BDB1002DA568 /* Base */ = {isa = PBXFileReference; lastKnownFileType = file.storyboard; name = Base; path = Base.lproj/Main.storyboard; sourceTree = "<group>"; };
		EF3982F01E83BDB1002DA568 /* Assets.xcassets */ = {isa = PBXFileReference; lastKnownFileType = folder.assetcatalog; path = Assets.xcassets; sourceTree = "<group>"; };
		EF3982F31E83BDB1002DA568 /* Base */ = {isa = PBXFileReference; lastKnownFileType = file.storyboard; name = Base; path = Base.lproj/LaunchScreen.storyboard; sourceTree = "<group>"; };
		EF3982F51E83BDB1002DA568 /* Info.plist */ = {isa = PBXFileReference; lastKnownFileType = text.plist.xml; path = Info.plist; sourceTree = "<group>"; };
/* End PBXFileReference section */

/* Begin PBXFrameworksBuildPhase section */
		EF3982E31E83BDB1002DA568 /* Frameworks */ = {
			isa = PBXFrameworksBuildPhase;
			buildActionMask = 2147483647;
			files = (
			);
			runOnlyForDeploymentPostprocessing = 0;
		};
/* End PBXFrameworksBuildPhase section */

/* Begin PBXGroup section */
		EF3982DD1E83BDB1002DA568 = {
			isa = PBXGroup;
			children = (
				EF3982E81E83BDB1002DA568 /* BubbleTransitionDemo */,
				EF3982E71E83BDB1002DA568 /* Products */,
			);
			sourceTree = "<group>";
		};
		EF3982E71E83BDB1002DA568 /* Products */ = {
			isa = PBXGroup;
			children = (
				EF3982E61E83BDB1002DA568 /* BubbleTransitionDemo.app */,
			);
			name = Products;
			sourceTree = "<group>";
		};
		EF3982E81E83BDB1002DA568 /* BubbleTransitionDemo */ = {
			isa = PBXGroup;
			children = (
				EF3982E91E83BDB1002DA568 /* AppDelegate.swift */,
				EF3982EB1E83BDB1002DA568 /* ViewController.swift */,
				EF3982ED1E83BDB1002DA568 /* Main.storyboard */,
				EF3982F01E83BDB1002DA568 /* Assets.xcassets */,
				EF3982F21E83BDB1002DA568 /* LaunchScreen.storyboard */,
				EF3982F51E83BDB1002DA568 /* Info.plist */,
			);
			path = BubbleTransitionDemo;
			sourceTree = "<group>";
		};
/* End PBXGroup section */

/* Begin PBXNativeTarget section */
		EF3982E51E83BDB1002DA568 /* BubbleTransitionDemo */ = {
			isa = PBXNativeTarget;
			buildConfigurationList = EF3982F81E83BDB1002DA568 /* Build configuration list for PBXNativeTarget "BubbleTransitionDemo" */;
			buildPhases = (
				EF3982E21E83BDB1002DA568 /* Sources */,
				EF3982E31E83BDB1002DA568 /* Frameworks */,
				EF3982E41E83BDB1002DA568 /* Resources */,
			);
			buildRules = (
			);
			dependencies = (
			);
			name = BubbleTransitionDemo;
			productName = BubbleTransitionDemo;
			productReference = EF3982E61E83BDB1002DA568 /* BubbleTransitionDemo.app */;
			productType = "com.apple.product-type.application";
		};
/* End PBXNativeTarget section */

/* Begin PBXProject section */
		EF3982DE1E83BDB1002DA568 /* Project object */ = {
			isa = PBXProject;
			attributes = {
				LastSwiftUpdateCheck = 0820;
				LastUpgradeCheck = 0820;
				ORGANIZATIONNAME = andyron;
				TargetAttributes = {
					EF3982E51E83BDB1002DA568 = {
						CreatedOnToolsVersion = 8.2.1;
						DevelopmentTeam = ZHNA975N38;
						ProvisioningStyle = Automatic;
					};
				};
			};
			buildConfigurationList = EF3982E11E83BDB1002DA568 /* Build configuration list for PBXProject "BubbleTransitionDemo" */;
			compatibilityVersion = "Xcode 3.2";
			developmentRegion = English;
			hasScannedForEncodings = 0;
			knownRegions = (
				en,
				Base,
			);
			mainGroup = EF3982DD1E83BDB1002DA568;
			productRefGroup = EF3982E71E83BDB1002DA568 /* Products */;
			projectDirPath = "";
			projectRoot = "";
			targets = (
				EF3982E51E83BDB1002DA568 /* BubbleTransitionDemo */,
			);
		};
/* End PBXProject section */

/* Begin PBXResourcesBuildPhase section */
		EF3982E41E83BDB1002DA568 /* Resources */ = {
			isa = PBXResourcesBuildPhase;
			buildActionMask = 2147483647;
			files = (
				EF3982F41E83BDB1002DA568 /* LaunchScreen.storyboard in Resources */,
				EF3982F11E83BDB1002DA568 /* Assets.xcassets in Resources */,
				EF3982EF1E83BDB1002DA568 /* Main.storyboard in Resources */,
			);
			runOnlyForDeploymentPostprocessing = 0;
		};
/* End PBXResourcesBuildPhase section */

/* Begin PBXSourcesBuildPhase section */
		EF3982E21E83BDB1002DA568 /* Sources */ = {
			isa = PBXSourcesBuildPhase;
			buildActionMask = 2147483647;
			files = (
				EF3982EC1E83BDB1002DA568 /* ViewController.swift in Sources */,
				EF3982EA1E83BDB1002DA568 /* AppDelegate.swift in Sources */,
			);
			runOnlyForDeploymentPostprocessing = 0;
		};
/* End PBXSourcesBuildPhase section */

/* Begin PBXVariantGroup section */
		EF3982ED1E83BDB1002DA568 /* Main.storyboard */ = {
			isa = PBXVariantGroup;
			children = (
				EF3982EE1E83BDB1002DA568 /* Base */,
			);
			name = Main.storyboard;
			sourceTree = "<group>";
		};
		EF3982F21E83BDB1002DA568 /* LaunchScreen.storyboard */ = {
			isa = PBXVariantGroup;
			children = (
				EF3982F31E83BDB1002DA568 /* Base */,
			);
			name = LaunchScreen.storyboard;
			sourceTree = "<group>";
		};
/* End PBXVariantGroup section */

/* Begin XCBuildConfiguration section */
		EF3982F61E83BDB1002DA568 /* Debug */ = {
			isa = XCBuildConfiguration;
			buildSettings = {
				ALWAYS_SEARCH_USER_PATHS = NO;
				CLANG_ANALYZER_NONNULL = YES;
				CLANG_CXX_LANGUAGE_STANDARD = "gnu++0x";
				CLANG_CXX_LIBRARY = "libc++";
				CLANG_ENABLE_MODULES = YES;
				CLANG_ENABLE_OBJC_ARC = YES;
				CLANG_WARN_BOOL_CONVERSION = YES;
				CLANG_WARN_CONSTANT_CONVERSION = YES;
				CLANG_WARN_DIRECT_OBJC_ISA_USAGE = YES_ERROR;
				CLANG_WARN_DOCUMENTATION_COMMENTS = YES;
				CLANG_WARN_EMPTY_BODY = YES;
				CLANG_WARN_ENUM_CONVERSION = YES;
				CLANG_WARN_INFINITE_RECURSION = YES;
				CLANG_WARN_INT_CONVERSION = YES;
				CLANG_WARN_OBJC_ROOT_CLASS = YES_ERROR;
				CLANG_WARN_SUSPICIOUS_MOVE = YES;
				CLANG_WARN_UNREACHABLE_CODE = YES;
				CLANG_WARN__DUPLICATE_METHOD_MATCH = YES;
				"CODE_SIGN_IDENTITY[sdk=iphoneos*]" = "iPhone Developer";
				COPY_PHASE_STRIP = NO;
				DEBUG_INFORMATION_FORMAT = dwarf;
				ENABLE_STRICT_OBJC_MSGSEND = YES;
				ENABLE_TESTABILITY = YES;
				GCC_C_LANGUAGE_STANDARD = gnu99;
				GCC_DYNAMIC_NO_PIC = NO;
				GCC_NO_COMMON_BLOCKS = YES;
				GCC_OPTIMIZATION_LEVEL = 0;
				GCC_PREPROCESSOR_DEFINITIONS = (
					"DEBUG=1",
					"$(inherited)",
				);
				GCC_WARN_64_TO_32_BIT_CONVERSION = YES;
				GCC_WARN_ABOUT_RETURN_TYPE = YES_ERROR;
				GCC_WARN_UNDECLARED_SELECTOR = YES;
				GCC_WARN_UNINITIALIZED_AUTOS = YES_AGGRESSIVE;
				GCC_WARN_UNUSED_FUNCTION = YES;
				GCC_WARN_UNUSED_VARIABLE = YES;
				IPHONEOS_DEPLOYMENT_TARGET = 10.2;
				MTL_ENABLE_DEBUG_INFO = YES;
				ONLY_ACTIVE_ARCH = YES;
				SDKROOT = iphoneos;
				SWIFT_ACTIVE_COMPILATION_CONDITIONS = DEBUG;
				SWIFT_OPTIMIZATION_LEVEL = "-Onone";
			};
			name = Debug;
		};
		EF3982F71E83BDB1002DA568 /* Release */ = {
			isa = XCBuildConfiguration;
			buildSettings = {
				ALWAYS_SEARCH_USER_PATHS = NO;
				CLANG_ANALYZER_NONNULL = YES;
				CLANG_CXX_LANGUAGE_STANDARD = "gnu++0x";
				CLANG_CXX_LIBRARY = "libc++";
				CLANG_ENABLE_MODULES = YES;
				CLANG_ENABLE_OBJC_ARC = YES;
				CLANG_WARN_BOOL_CONVERSION = YES;
				CLANG_WARN_CONSTANT_CONVERSION = YES;
				CLANG_WARN_DIRECT_OBJC_ISA_USAGE = YES_ERROR;
				CLANG_WARN_DOCUMENTATION_COMMENTS = YES;
				CLANG_WARN_EMPTY_BODY = YES;
				CLANG_WARN_ENUM_CONVERSION = YES;
				CLANG_WARN_INFINITE_RECURSION = YES;
				CLANG_WARN_INT_CONVERSION = YES;
				CLANG_WARN_OBJC_ROOT_CLASS = YES_ERROR;
				CLANG_WARN_SUSPICIOUS_MOVE = YES;
				CLANG_WARN_UNREACHABLE_CODE = YES;
				CLANG_WARN__DUPLICATE_METHOD_MATCH = YES;
				"CODE_SIGN_IDENTITY[sdk=iphoneos*]" = "iPhone Developer";
				COPY_PHASE_STRIP = NO;
				DEBUG_INFORMATION_FORMAT = "dwarf-with-dsym";
				ENABLE_NS_ASSERTIONS = NO;
				ENABLE_STRICT_OBJC_MSGSEND = YES;
				GCC_C_LANGUAGE_STANDARD = gnu99;
				GCC_NO_COMMON_BLOCKS = YES;
				GCC_WARN_64_TO_32_BIT_CONVERSION = YES;
				GCC_WARN_ABOUT_RETURN_TYPE = YES_ERROR;
				GCC_WARN_UNDECLARED_SELECTOR = YES;
				GCC_WARN_UNINITIALIZED_AUTOS = YES_AGGRESSIVE;
				GCC_WARN_UNUSED_FUNCTION = YES;
				GCC_WARN_UNUSED_VARIABLE = YES;
				IPHONEOS_DEPLOYMENT_TARGET = 10.2;
				MTL_ENABLE_DEBUG_INFO = NO;
				SDKROOT = iphoneos;
				SWIFT_OPTIMIZATION_LEVEL = "-Owholemodule";
				VALIDATE_PRODUCT = YES;
			};
			name = Release;
		};
		EF3982F91E83BDB1002DA568 /* Debug */ = {
			isa = XCBuildConfiguration;
			buildSettings = {
				ASSETCATALOG_COMPILER_APPICON_NAME = AppIcon;
				DEVELOPMENT_TEAM = ZHNA975N38;
				INFOPLIST_FILE = BubbleTransitionDemo/Info.plist;
				LD_RUNPATH_SEARCH_PATHS = "$(inherited) @executable_path/Frameworks";
				PRODUCT_BUNDLE_IDENTIFIER = cn.andyron.BubbleTransitionDemo;
				PRODUCT_NAME = "$(TARGET_NAME)";
				SWIFT_VERSION = 3.0;
			};
			name = Debug;
		};
		EF3982FA1E83BDB1002DA568 /* Release */ = {
			isa = XCBuildConfiguration;
			buildSettings = {
				ASSETCATALOG_COMPILER_APPICON_NAME = AppIcon;
				DEVELOPMENT_TEAM = ZHNA975N38;
				INFOPLIST_FILE = BubbleTransitionDemo/Info.plist;
				LD_RUNPATH_SEARCH_PATHS = "$(inherited) @executable_path/Frameworks";
				PRODUCT_BUNDLE_IDENTIFIER = cn.andyron.BubbleTransitionDemo;
				PRODUCT_NAME = "$(TARGET_NAME)";
				SWIFT_VERSION = 3.0;
			};
			name = Release;
		};
/* End XCBuildConfiguration section */

/* Begin XCConfigurationList section */
		EF3982E11E83BDB1002DA568 /* Build configuration list for PBXProject "BubbleTransitionDemo" */ = {
			isa = XCConfigurationList;
			buildConfigurations = (
				EF3982F61E83BDB1002DA568 /* Debug */,
				EF3982F71E83BDB1002DA568 /* Release */,
			);
			defaultConfigurationIsVisible = 0;
			defaultConfigurationName = Release;
		};
		EF3982F81E83BDB1002DA568 /* Build configuration list for PBXNativeTarget "BubbleTransitionDemo" */ = {
			isa = XCConfigurationList;
			buildConfigurations = (
				EF3982F91E83BDB1002DA568 /* Debug */,
				EF3982FA1E83BDB1002DA568 /* Release */,
			);
			defaultConfigurationIsVisible = 0;
		};
/* End XCConfigurationList section */
	};
	rootObject = EF3982DE1E83BDB1002DA568 /* Project object */;
}
