// !$*UTF8*$!
{
	archiveVersion = 1;
	classes = {
	};
	objectVersion = 46;
	objects = {

/* Begin PBXBuildFile section */
		EF5DCF961E86450000760673 /* AppDelegate.swift in Sources */ = {isa = PBXBuildFile; fileRef = EF5DCF951E86450000760673 /* AppDelegate.swift */; };
		EF5DCF981E86450000760673 /* ViewController.swift in Sources */ = {isa = PBXBuildFile; fileRef = EF5DCF971E86450000760673 /* ViewController.swift */; };
		EF5DCF9B1E86450000760673 /* Main.storyboard in Resources */ = {isa = PBXBuildFile; fileRef = EF5DCF991E86450000760673 /* Main.storyboard */; };
		EF5DCF9D1E86450000760673 /* Assets.xcassets in Resources */ = {isa = PBXBuildFile; fileRef = EF5DCF9C1E86450000760673 /* Assets.xcassets */; };
		EF5DCFA01E86450000760673 /* LaunchScreen.storyboard in Resources */ = {isa = PBXBuildFile; fileRef = EF5DCF9E1E86450000760673 /* LaunchScreen.storyboard */; };
		EF5DCFA81E86453200760673 /* GradientView.swift in Sources */ = {isa = PBXBuildFile; fileRef = EF5DCFA71E86453200760673 /* GradientView.swift */; };
/* End PBXBuildFile section */

/* Begin PBXFileReference section */
		EF5DCF921E86450000760673 /* DrawGradientsTutorial.app */ = {isa = PBXFileReference; explicitFileType = wrapper.application; includeInIndex = 0; path = DrawGradientsTutorial.app; sourceTree = BUILT_PRODUCTS_DIR; };
		EF5DCF951E86450000760673 /* AppDelegate.swift */ = {isa = PBXFileReference; lastKnownFileType = sourcecode.swift; path = AppDelegate.swift; sourceTree = "<group>"; };
		EF5DCF971E86450000760673 /* ViewController.swift */ = {isa = PBXFileReference; lastKnownFileType = sourcecode.swift; path = ViewController.swift; sourceTree = "<group>"; };
		EF5DCF9A1E86450000760673 /* Base */ = {isa = PBXFileReference; lastKnownFileType = file.storyboard; name = Base; path = Base.lproj/Main.storyboard; sourceTree = "<group>"; };
		EF5DCF9C1E86450000760673 /* Assets.xcassets */ = {isa = PBXFileReference; lastKnownFileType = folder.assetcatalog; path = Assets.xcassets; sourceTree = "<group>"; };
		EF5DCF9F1E86450000760673 /* Base */ = {isa = PBXFileReference; lastKnownFileType = file.storyboard; name = Base; path = Base.lproj/LaunchScreen.storyboard; sourceTree = "<group>"; };
		EF5DCFA11E86450000760673 /* Info.plist */ = {isa = PBXFileReference; lastKnownFileType = text.plist.xml; path = Info.plist; sourceTree = "<group>"; };
		EF5DCFA71E86453200760673 /* GradientView.swift */ = {isa = PBXFileReference; fileEncoding = 4; lastKnownFileType = sourcecode.swift; name = GradientView.swift; path = ../GradientView.swift; sourceTree = "<group>"; };
/* End PBXFileReference section */

/* Begin PBXFrameworksBuildPhase section */
		EF5DCF8F1E86450000760673 /* Frameworks */ = {
			isa = PBXFrameworksBuildPhase;
			buildActionMask = 2147483647;
			files = (
			);
			runOnlyForDeploymentPostprocessing = 0;
		};
/* End PBXFrameworksBuildPhase section */

/* Begin PBXGroup section */
		EF5DCF891E86450000760673 = {
			isa = PBXGroup;
			children = (
				EF5DCF941E86450000760673 /* DrawGradientsTutorial */,
				EF5DCF931E86450000760673 /* Products */,
			);
			sourceTree = "<group>";
		};
		EF5DCF931E86450000760673 /* Products */ = {
			isa = PBXGroup;
			children = (
				EF5DCF921E86450000760673 /* DrawGradientsTutorial.app */,
			);
			name = Products;
			sourceTree = "<group>";
		};
		EF5DCF941E86450000760673 /* DrawGradientsTutorial */ = {
			isa = PBXGroup;
			children = (
				EF5DCFA71E86453200760673 /* GradientView.swift */,
				EF5DCF951E86450000760673 /* AppDelegate.swift */,
				EF5DCF971E86450000760673 /* ViewController.swift */,
				EF5DCF991E86450000760673 /* Main.storyboard */,
				EF5DCF9C1E86450000760673 /* Assets.xcassets */,
				EF5DCF9E1E86450000760673 /* LaunchScreen.storyboard */,
				EF5DCFA11E86450000760673 /* Info.plist */,
			);
			path = DrawGradientsTutorial;
			sourceTree = "<group>";
		};
/* End PBXGroup section */

/* Begin PBXNativeTarget section */
		EF5DCF911E86450000760673 /* DrawGradientsTutorial */ = {
			isa = PBXNativeTarget;
			buildConfigurationList = EF5DCFA41E86450000760673 /* Build configuration list for PBXNativeTarget "DrawGradientsTutorial" */;
			buildPhases = (
				EF5DCF8E1E86450000760673 /* Sources */,
				EF5DCF8F1E86450000760673 /* Frameworks */,
				EF5DCF901E86450000760673 /* Resources */,
			);
			buildRules = (
			);
			dependencies = (
			);
			name = DrawGradientsTutorial;
			productName = DrawGradientsTutorial;
			productReference = EF5DCF921E86450000760673 /* DrawGradientsTutorial.app */;
			productType = "com.apple.product-type.application";
		};
/* End PBXNativeTarget section */

/* Begin PBXProject section */
		EF5DCF8A1E86450000760673 /* Project object */ = {
			isa = PBXProject;
			attributes = {
				LastSwiftUpdateCheck = 0820;
				LastUpgradeCheck = 0820;
				ORGANIZATIONNAME = andyron;
				TargetAttributes = {
					EF5DCF911E86450000760673 = {
						CreatedOnToolsVersion = 8.2.1;
						DevelopmentTeam = ZHNA975N38;
						ProvisioningStyle = Automatic;
					};
				};
			};
			buildConfigurationList = EF5DCF8D1E86450000760673 /* Build configuration list for PBXProject "DrawGradientsTutorial" */;
			compatibilityVersion = "Xcode 3.2";
			developmentRegion = English;
			hasScannedForEncodings = 0;
			knownRegions = (
				en,
				Base,
			);
			mainGroup = EF5DCF891E86450000760673;
			productRefGroup = EF5DCF931E86450000760673 /* Products */;
			projectDirPath = "";
			projectRoot = "";
			targets = (
				EF5DCF911E86450000760673 /* DrawGradientsTutorial */,
			);
		};
/* End PBXProject section */

/* Begin PBXResourcesBuildPhase section */
		EF5DCF901E86450000760673 /* Resources */ = {
			isa = PBXResourcesBuildPhase;
			buildActionMask = 2147483647;
			files = (
				EF5DCFA01E86450000760673 /* LaunchScreen.storyboard in Resources */,
				EF5DCF9D1E86450000760673 /* Assets.xcassets in Resources */,
				EF5DCF9B1E86450000760673 /* Main.storyboard in Resources */,
			);
			runOnlyForDeploymentPostprocessing = 0;
		};
/* End PBXResourcesBuildPhase section */

/* Begin PBXSourcesBuildPhase section */
		EF5DCF8E1E86450000760673 /* Sources */ = {
			isa = PBXSourcesBuildPhase;
			buildActionMask = 2147483647;
			files = (
				EF5DCF981E86450000760673 /* ViewController.swift in Sources */,
				EF5DCF961E86450000760673 /* AppDelegate.swift in Sources */,
				EF5DCFA81E86453200760673 /* GradientView.swift in Sources */,
			);
			runOnlyForDeploymentPostprocessing = 0;
		};
/* End PBXSourcesBuildPhase section */

/* Begin PBXVariantGroup section */
		EF5DCF991E86450000760673 /* Main.storyboard */ = {
			isa = PBXVariantGroup;
			children = (
				EF5DCF9A1E86450000760673 /* Base */,
			);
			name = Main.storyboard;
			sourceTree = "<group>";
		};
		EF5DCF9E1E86450000760673 /* LaunchScreen.storyboard */ = {
			isa = PBXVariantGroup;
			children = (
				EF5DCF9F1E86450000760673 /* Base */,
			);
			name = LaunchScreen.storyboard;
			sourceTree = "<group>";
		};
/* End PBXVariantGroup section */

/* Begin XCBuildConfiguration section */
		EF5DCFA21E86450000760673 /* Debug */ = {
			isa = XCBuildConfiguration;
			buildSettings = {
				ALWAYS_SEARCH_USER_PATHS = NO;
				CLANG_ANALYZER_NONNULL = YES;
				CLANG_CXX_LANGUAGE_STANDARD = "gnu++0x";
				CLANG_CXX_LIBRARY = "libc++";
				CLANG_ENABLE_MODULES = YES;
				CLANG_ENABLE_OBJC_ARC = YES;
				CLANG_WARN_BOOL_CONVERSION = YES;
				CLANG_WARN_CONSTANT_CONVERSION = YES;
				CLANG_WARN_DIRECT_OBJC_ISA_USAGE = YES_ERROR;
				CLANG_WARN_DOCUMENTATION_COMMENTS = YES;
				CLANG_WARN_EMPTY_BODY = YES;
				CLANG_WARN_ENUM_CONVERSION = YES;
				CLANG_WARN_INFINITE_RECURSION = YES;
				CLANG_WARN_INT_CONVERSION = YES;
				CLANG_WARN_OBJC_ROOT_CLASS = YES_ERROR;
				CLANG_WARN_SUSPICIOUS_MOVE = YES;
				CLANG_WARN_UNREACHABLE_CODE = YES;
				CLANG_WARN__DUPLICATE_METHOD_MATCH = YES;
				"CODE_SIGN_IDENTITY[sdk=iphoneos*]" = "iPhone Developer";
				COPY_PHASE_STRIP = NO;
				DEBUG_INFORMATION_FORMAT = dwarf;
				ENABLE_STRICT_OBJC_MSGSEND = YES;
				ENABLE_TESTABILITY = YES;
				GCC_C_LANGUAGE_STANDARD = gnu99;
				GCC_DYNAMIC_NO_PIC = NO;
				GCC_NO_COMMON_BLOCKS = YES;
				GCC_OPTIMIZATION_LEVEL = 0;
				GCC_PREPROCESSOR_DEFINITIONS = (
					"DEBUG=1",
					"$(inherited)",
				);
				GCC_WARN_64_TO_32_BIT_CONVERSION = YES;
				GCC_WARN_ABOUT_RETURN_TYPE = YES_ERROR;
				GCC_WARN_UNDECLARED_SELECTOR = YES;
				GCC_WARN_UNINITIALIZED_AUTOS = YES_AGGRESSIVE;
				GCC_WARN_UNUSED_FUNCTION = YES;
				GCC_WARN_UNUSED_VARIABLE = YES;
				IPHONEOS_DEPLOYMENT_TARGET = 10.2;
				MTL_ENABLE_DEBUG_INFO = YES;
				ONLY_ACTIVE_ARCH = YES;
				SDKROOT = iphoneos;
				SWIFT_ACTIVE_COMPILATION_CONDITIONS = DEBUG;
				SWIFT_OPTIMIZATION_LEVEL = "-Onone";
			};
			name = Debug;
		};
		EF5DCFA31E86450000760673 /* Release */ = {
			isa = XCBuildConfiguration;
			buildSettings = {
				ALWAYS_SEARCH_USER_PATHS = NO;
				CLANG_ANALYZER_NONNULL = YES;
				CLANG_CXX_LANGUAGE_STANDARD = "gnu++0x";
				CLANG_CXX_LIBRARY = "libc++";
				CLANG_ENABLE_MODULES = YES;
				CLANG_ENABLE_OBJC_ARC = YES;
				CLANG_WARN_BOOL_CONVERSION = YES;
				CLANG_WARN_CONSTANT_CONVERSION = YES;
				CLANG_WARN_DIRECT_OBJC_ISA_USAGE = YES_ERROR;
				CLANG_WARN_DOCUMENTATION_COMMENTS = YES;
				CLANG_WARN_EMPTY_BODY = YES;
				CLANG_WARN_ENUM_CONVERSION = YES;
				CLANG_WARN_INFINITE_RECURSION = YES;
				CLANG_WARN_INT_CONVERSION = YES;
				CLANG_WARN_OBJC_ROOT_CLASS = YES_ERROR;
				CLANG_WARN_SUSPICIOUS_MOVE = YES;
				CLANG_WARN_UNREACHABLE_CODE = YES;
				CLANG_WARN__DUPLICATE_METHOD_MATCH = YES;
				"CODE_SIGN_IDENTITY[sdk=iphoneos*]" = "iPhone Developer";
				COPY_PHASE_STRIP = NO;
				DEBUG_INFORMATION_FORMAT = "dwarf-with-dsym";
				ENABLE_NS_ASSERTIONS = NO;
				ENABLE_STRICT_OBJC_MSGSEND = YES;
				GCC_C_LANGUAGE_STANDARD = gnu99;
				GCC_NO_COMMON_BLOCKS = YES;
				GCC_WARN_64_TO_32_BIT_CONVERSION = YES;
				GCC_WARN_ABOUT_RETURN_TYPE = YES_ERROR;
				GCC_WARN_UNDECLARED_SELECTOR = YES;
				GCC_WARN_UNINITIALIZED_AUTOS = YES_AGGRESSIVE;
				GCC_WARN_UNUSED_FUNCTION = YES;
				GCC_WARN_UNUSED_VARIABLE = YES;
				IPHONEOS_DEPLOYMENT_TARGET = 10.2;
				MTL_ENABLE_DEBUG_INFO = NO;
				SDKROOT = iphoneos;
				SWIFT_OPTIMIZATION_LEVEL = "-Owholemodule";
				VALIDATE_PRODUCT = YES;
			};
			name = Release;
		};
		EF5DCFA51E86450000760673 /* Debug */ = {
			isa = XCBuildConfiguration;
			buildSettings = {
				ASSETCATALOG_COMPILER_APPICON_NAME = AppIcon;
				DEVELOPMENT_TEAM = ZHNA975N38;
				INFOPLIST_FILE = DrawGradientsTutorial/Info.plist;
				LD_RUNPATH_SEARCH_PATHS = "$(inherited) @executable_path/Frameworks";
				PRODUCT_BUNDLE_IDENTIFIER = cn.andyron.DrawGradientsTutorial;
				PRODUCT_NAME = "$(TARGET_NAME)";
				SWIFT_VERSION = 3.0;
			};
			name = Debug;
		};
		EF5DCFA61E86450000760673 /* Release */ = {
			isa = XCBuildConfiguration;
			buildSettings = {
				ASSETCATALOG_COMPILER_APPICON_NAME = AppIcon;
				DEVELOPMENT_TEAM = ZHNA975N38;
				INFOPLIST_FILE = DrawGradientsTutorial/Info.plist;
				LD_RUNPATH_SEARCH_PATHS = "$(inherited) @executable_path/Frameworks";
				PRODUCT_BUNDLE_IDENTIFIER = cn.andyron.DrawGradientsTutorial;
				PRODUCT_NAME = "$(TARGET_NAME)";
				SWIFT_VERSION = 3.0;
			};
			name = Release;
		};
/* End XCBuildConfiguration section */

/* Begin XCConfigurationList section */
		EF5DCF8D1E86450000760673 /* Build configuration list for PBXProject "DrawGradientsTutorial" */ = {
			isa = XCConfigurationList;
			buildConfigurations = (
				EF5DCFA21E86450000760673 /* Debug */,
				EF5DCFA31E86450000760673 /* Release */,
			);
			defaultConfigurationIsVisible = 0;
			defaultConfigurationName = Release;
		};
		EF5DCFA41E86450000760673 /* Build configuration list for PBXNativeTarget "DrawGradientsTutorial" */ = {
			isa = XCConfigurationList;
			buildConfigurations = (
				EF5DCFA51E86450000760673 /* Debug */,
				EF5DCFA61E86450000760673 /* Release */,
			);
			defaultConfigurationIsVisible = 0;
		};
/* End XCConfigurationList section */
	};
	rootObject = EF5DCF8A1E86450000760673 /* Project object */;
}
